// !$*UTF8*$!
{
	archiveVersion = 1;
	classes = {
	};
	objectVersion = 55;
	objects = {

/* Begin PBXBuildFile section */
		8E1C1CB82841EFC8004047EC /* AppDelegate.swift in Sources */ = {isa = PBXBuildFile; fileRef = 8E1C1CB72841EFC8004047EC /* AppDelegate.swift */; };
		8E1C1CBA2841EFC8004047EC /* SceneDelegate.swift in Sources */ = {isa = PBXBuildFile; fileRef = 8E1C1CB92841EFC8004047EC /* SceneDelegate.swift */; };
		8E1C1CBC2841EFC8004047EC /* ViewController.swift in Sources */ = {isa = PBXBuildFile; fileRef = 8E1C1CBB2841EFC8004047EC /* ViewController.swift */; };
		8E1C1CBF2841EFC8004047EC /* Main.storyboard in Resources */ = {isa = PBXBuildFile; fileRef = 8E1C1CBD2841EFC8004047EC /* Main.storyboard */; };
		8E1C1CC12841EFC9004047EC /* Assets.xcassets in Resources */ = {isa = PBXBuildFile; fileRef = 8E1C1CC02841EFC9004047EC /* Assets.xcassets */; };
		8E1C1CC42841EFC9004047EC /* LaunchScreen.storyboard in Resources */ = {isa = PBXBuildFile; fileRef = 8E1C1CC22841EFC9004047EC /* LaunchScreen.storyboard */; };
		8EE4AD852843301900F4232F /* TabBar.storyboard in Resources */ = {isa = PBXBuildFile; fileRef = 8EE4AD842843301900F4232F /* TabBar.storyboard */; };
		8EE4AD872843303200F4232F /* FirstViewController.swift in Sources */ = {isa = PBXBuildFile; fileRef = 8EE4AD862843303200F4232F /* FirstViewController.swift */; };
		8EE4AD89284333FF00F4232F /* SecondViewController.swift in Sources */ = {isa = PBXBuildFile; fileRef = 8EE4AD88284333FF00F4232F /* SecondViewController.swift */; };
		8EE4AD8B2843340800F4232F /* ThirdViewController.swift in Sources */ = {isa = PBXBuildFile; fileRef = 8EE4AD8A2843340800F4232F /* ThirdViewController.swift */; };
		8EE4AD8D2844A6E500F4232F /* DataTransfer.storyboard in Resources */ = {isa = PBXBuildFile; fileRef = 8EE4AD8C2844A6E500F4232F /* DataTransfer.storyboard */; };
		8EE4AD8F2844A76900F4232F /* SendViewController.swift in Sources */ = {isa = PBXBuildFile; fileRef = 8EE4AD8E2844A76900F4232F /* SendViewController.swift */; };
		8EE4AD912844A79F00F4232F /* ReceiveViewController.swift in Sources */ = {isa = PBXBuildFile; fileRef = 8EE4AD902844A79F00F4232F /* ReceiveViewController.swift */; };
/* End PBXBuildFile section */

/* Begin PBXFileReference section */
		8E1C1CB42841EFC8004047EC /* SOPT30th-7th-Seminar.app */ = {isa = PBXFileReference; explicitFileType = wrapper.application; includeInIndex = 0; path = "SOPT30th-7th-Seminar.app"; sourceTree = BUILT_PRODUCTS_DIR; };
		8E1C1CB72841EFC8004047EC /* AppDelegate.swift */ = {isa = PBXFileReference; lastKnownFileType = sourcecode.swift; path = AppDelegate.swift; sourceTree = "<group>"; };
		8E1C1CB92841EFC8004047EC /* SceneDelegate.swift */ = {isa = PBXFileReference; lastKnownFileType = sourcecode.swift; path = SceneDelegate.swift; sourceTree = "<group>"; };
		8E1C1CBB2841EFC8004047EC /* ViewController.swift */ = {isa = PBXFileReference; lastKnownFileType = sourcecode.swift; path = ViewController.swift; sourceTree = "<group>"; };
		8E1C1CBE2841EFC8004047EC /* Base */ = {isa = PBXFileReference; lastKnownFileType = file.storyboard; name = Base; path = Base.lproj/Main.storyboard; sourceTree = "<group>"; };
		8E1C1CC02841EFC9004047EC /* Assets.xcassets */ = {isa = PBXFileReference; lastKnownFileType = folder.assetcatalog; path = Assets.xcassets; sourceTree = "<group>"; };
		8E1C1CC32841EFC9004047EC /* Base */ = {isa = PBXFileReference; lastKnownFileType = file.storyboard; name = Base; path = Base.lproj/LaunchScreen.storyboard; sourceTree = "<group>"; };
		8E1C1CC52841EFC9004047EC /* Info.plist */ = {isa = PBXFileReference; lastKnownFileType = text.plist.xml; path = Info.plist; sourceTree = "<group>"; };
		8EE4AD842843301900F4232F /* TabBar.storyboard */ = {isa = PBXFileReference; lastKnownFileType = file.storyboard; path = TabBar.storyboard; sourceTree = "<group>"; };
		8EE4AD862843303200F4232F /* FirstViewController.swift */ = {isa = PBXFileReference; lastKnownFileType = sourcecode.swift; path = FirstViewController.swift; sourceTree = "<group>"; };
		8EE4AD88284333FF00F4232F /* SecondViewController.swift */ = {isa = PBXFileReference; lastKnownFileType = sourcecode.swift; path = SecondViewController.swift; sourceTree = "<group>"; };
		8EE4AD8A2843340800F4232F /* ThirdViewController.swift */ = {isa = PBXFileReference; lastKnownFileType = sourcecode.swift; path = ThirdViewController.swift; sourceTree = "<group>"; };
		8EE4AD8C2844A6E500F4232F /* DataTransfer.storyboard */ = {isa = PBXFileReference; lastKnownFileType = file.storyboard; path = DataTransfer.storyboard; sourceTree = "<group>"; };
		8EE4AD8E2844A76900F4232F /* SendViewController.swift */ = {isa = PBXFileReference; lastKnownFileType = sourcecode.swift; path = SendViewController.swift; sourceTree = "<group>"; };
		8EE4AD902844A79F00F4232F /* ReceiveViewController.swift */ = {isa = PBXFileReference; lastKnownFileType = sourcecode.swift; path = ReceiveViewController.swift; sourceTree = "<group>"; };
/* End PBXFileReference section */

/* Begin PBXFrameworksBuildPhase section */
		8E1C1CB12841EFC8004047EC /* Frameworks */ = {
			isa = PBXFrameworksBuildPhase;
			buildActionMask = 2147483647;
			files = (
			);
			runOnlyForDeploymentPostprocessing = 0;
		};
/* End PBXFrameworksBuildPhase section */

/* Begin PBXGroup section */
		8E1C1CAB2841EFC8004047EC = {
			isa = PBXGroup;
			children = (
				8E1C1CB62841EFC8004047EC /* SOPT30th-7th-Seminar */,
				8E1C1CB52841EFC8004047EC /* Products */,
			);
			sourceTree = "<group>";
		};
		8E1C1CB52841EFC8004047EC /* Products */ = {
			isa = PBXGroup;
			children = (
				8E1C1CB42841EFC8004047EC /* SOPT30th-7th-Seminar.app */,
			);
			name = Products;
			sourceTree = "<group>";
		};
		8E1C1CB62841EFC8004047EC /* SOPT30th-7th-Seminar */ = {
			isa = PBXGroup;
			children = (
				8EE4AD8328432FFD00F4232F /* Delegate and Closure */,
				8EE4AD8228432FE900F4232F /* Notification Center */,
				8E1C1CB72841EFC8004047EC /* AppDelegate.swift */,
				8E1C1CB92841EFC8004047EC /* SceneDelegate.swift */,
				8E1C1CBB2841EFC8004047EC /* ViewController.swift */,
				8E1C1CBD2841EFC8004047EC /* Main.storyboard */,
				8E1C1CC02841EFC9004047EC /* Assets.xcassets */,
				8E1C1CC22841EFC9004047EC /* LaunchScreen.storyboard */,
				8E1C1CC52841EFC9004047EC /* Info.plist */,
			);
			path = "SOPT30th-7th-Seminar";
			sourceTree = "<group>";
		};
		8EE4AD8228432FE900F4232F /* Notification Center */ = {
			isa = PBXGroup;
			children = (
				8EE4AD842843301900F4232F /* TabBar.storyboard */,
				8EE4AD862843303200F4232F /* FirstViewController.swift */,
				8EE4AD88284333FF00F4232F /* SecondViewController.swift */,
				8EE4AD8A2843340800F4232F /* ThirdViewController.swift */,
			);
			path = "Notification Center";
			sourceTree = "<group>";
		};
		8EE4AD8328432FFD00F4232F /* Delegate and Closure */ = {
			isa = PBXGroup;
			children = (
				8EE4AD8C2844A6E500F4232F /* DataTransfer.storyboard */,
				8EE4AD8E2844A76900F4232F /* SendViewController.swift */,
				8EE4AD902844A79F00F4232F /* ReceiveViewController.swift */,
			);
			path = "Delegate and Closure";
			sourceTree = "<group>";
		};
/* End PBXGroup section */

/* Begin PBXNativeTarget section */
		8E1C1CB32841EFC8004047EC /* SOPT30th-7th-Seminar */ = {
			isa = PBXNativeTarget;
			buildConfigurationList = 8E1C1CC82841EFC9004047EC /* Build configuration list for PBXNativeTarget "SOPT30th-7th-Seminar" */;
			buildPhases = (
				8E1C1CB02841EFC8004047EC /* Sources */,
				8E1C1CB12841EFC8004047EC /* Frameworks */,
				8E1C1CB22841EFC8004047EC /* Resources */,
			);
			buildRules = (
			);
			dependencies = (
			);
			name = "SOPT30th-7th-Seminar";
			productName = "SOPT30th-7th-Seminar";
			productReference = 8E1C1CB42841EFC8004047EC /* SOPT30th-7th-Seminar.app */;
			productType = "com.apple.product-type.application";
		};
/* End PBXNativeTarget section */

/* Begin PBXProject section */
		8E1C1CAC2841EFC8004047EC /* Project object */ = {
			isa = PBXProject;
			attributes = {
				BuildIndependentTargetsInParallel = 1;
				LastSwiftUpdateCheck = 1340;
				LastUpgradeCheck = 1340;
				TargetAttributes = {
					8E1C1CB32841EFC8004047EC = {
						CreatedOnToolsVersion = 13.4;
					};
				};
			};
			buildConfigurationList = 8E1C1CAF2841EFC8004047EC /* Build configuration list for PBXProject "SOPT30th-7th-Seminar" */;
			compatibilityVersion = "Xcode 13.0";
			developmentRegion = en;
			hasScannedForEncodings = 0;
			knownRegions = (
				en,
				Base,
			);
			mainGroup = 8E1C1CAB2841EFC8004047EC;
			productRefGroup = 8E1C1CB52841EFC8004047EC /* Products */;
			projectDirPath = "";
			projectRoot = "";
			targets = (
				8E1C1CB32841EFC8004047EC /* SOPT30th-7th-Seminar */,
			);
		};
/* End PBXProject section */

/* Begin PBXResourcesBuildPhase section */
		8E1C1CB22841EFC8004047EC /* Resources */ = {
			isa = PBXResourcesBuildPhase;
			buildActionMask = 2147483647;
			files = (
				8EE4AD852843301900F4232F /* TabBar.storyboard in Resources */,
				8E1C1CC42841EFC9004047EC /* LaunchScreen.storyboard in Resources */,
				8E1C1CC12841EFC9004047EC /* Assets.xcassets in Resources */,
				8E1C1CBF2841EFC8004047EC /* Main.storyboard in Resources */,
				8EE4AD8D2844A6E500F4232F /* DataTransfer.storyboard in Resources */,
			);
			runOnlyForDeploymentPostprocessing = 0;
		};
/* End PBXResourcesBuildPhase section */

/* Begin PBXSourcesBuildPhase section */
		8E1C1CB02841EFC8004047EC /* Sources */ = {
			isa = PBXSourcesBuildPhase;
			buildActionMask = 2147483647;
			files = (
				8EE4AD912844A79F00F4232F /* ReceiveViewController.swift in Sources */,
				8E1C1CBC2841EFC8004047EC /* ViewController.swift in Sources */,
				8E1C1CB82841EFC8004047EC /* AppDelegate.swift in Sources */,
				8E1C1CBA2841EFC8004047EC /* SceneDelegate.swift in Sources */,
				8EE4AD89284333FF00F4232F /* SecondViewController.swift in Sources */,
				8EE4AD8B2843340800F4232F /* ThirdViewController.swift in Sources */,
				8EE4AD8F2844A76900F4232F /* SendViewController.swift in Sources */,
				8EE4AD872843303200F4232F /* FirstViewController.swift in Sources */,
			);
			runOnlyForDeploymentPostprocessing = 0;
		};
/* End PBXSourcesBuildPhase section */

/* Begin PBXVariantGroup section */
		8E1C1CBD2841EFC8004047EC /* Main.storyboard */ = {
			isa = PBXVariantGroup;
			children = (
				8E1C1CBE2841EFC8004047EC /* Base */,
			);
			name = Main.storyboard;
			sourceTree = "<group>";
		};
		8E1C1CC22841EFC9004047EC /* LaunchScreen.storyboard */ = {
			isa = PBXVariantGroup;
			children = (
				8E1C1CC32841EFC9004047EC /* Base */,
			);
			name = LaunchScreen.storyboard;
			sourceTree = "<group>";
		};
/* End PBXVariantGroup section */

/* Begin XCBuildConfiguration section */
		8E1C1CC62841EFC9004047EC /* Debug */ = {
			isa = XCBuildConfiguration;
			buildSettings = {
				ALWAYS_SEARCH_USER_PATHS = NO;
				CLANG_ANALYZER_NONNULL = YES;
				CLANG_ANALYZER_NUMBER_OBJECT_CONVERSION = YES_AGGRESSIVE;
				CLANG_CXX_LANGUAGE_STANDARD = "gnu++17";
				CLANG_ENABLE_MODULES = YES;
				CLANG_ENABLE_OBJC_ARC = YES;
				CLANG_ENABLE_OBJC_WEAK = YES;
				CLANG_WARN_BLOCK_CAPTURE_AUTORELEASING = YES;
				CLANG_WARN_BOOL_CONVERSION = YES;
				CLANG_WARN_COMMA = YES;
				CLANG_WARN_CONSTANT_CONVERSION = YES;
				CLANG_WARN_DEPRECATED_OBJC_IMPLEMENTATIONS = YES;
				CLANG_WARN_DIRECT_OBJC_ISA_USAGE = YES_ERROR;
				CLANG_WARN_DOCUMENTATION_COMMENTS = YES;
				CLANG_WARN_EMPTY_BODY = YES;
				CLANG_WARN_ENUM_CONVERSION = YES;
				CLANG_WARN_INFINITE_RECURSION = YES;
				CLANG_WARN_INT_CONVERSION = YES;
				CLANG_WARN_NON_LITERAL_NULL_CONVERSION = YES;
				CLANG_WARN_OBJC_IMPLICIT_RETAIN_SELF = YES;
				CLANG_WARN_OBJC_LITERAL_CONVERSION = YES;
				CLANG_WARN_OBJC_ROOT_CLASS = YES_ERROR;
				CLANG_WARN_QUOTED_INCLUDE_IN_FRAMEWORK_HEADER = YES;
				CLANG_WARN_RANGE_LOOP_ANALYSIS = YES;
				CLANG_WARN_STRICT_PROTOTYPES = YES;
				CLANG_WARN_SUSPICIOUS_MOVE = YES;
				CLANG_WARN_UNGUARDED_AVAILABILITY = YES_AGGRESSIVE;
				CLANG_WARN_UNREACHABLE_CODE = YES;
				CLANG_WARN__DUPLICATE_METHOD_MATCH = YES;
				COPY_PHASE_STRIP = NO;
				DEBUG_INFORMATION_FORMAT = dwarf;
				ENABLE_STRICT_OBJC_MSGSEND = YES;
				ENABLE_TESTABILITY = YES;
				GCC_C_LANGUAGE_STANDARD = gnu11;
				GCC_DYNAMIC_NO_PIC = NO;
				GCC_NO_COMMON_BLOCKS = YES;
				GCC_OPTIMIZATION_LEVEL = 0;
				GCC_PREPROCESSOR_DEFINITIONS = (
					"DEBUG=1",
					"$(inherited)",
				);
				GCC_WARN_64_TO_32_BIT_CONVERSION = YES;
				GCC_WARN_ABOUT_RETURN_TYPE = YES_ERROR;
				GCC_WARN_UNDECLARED_SELECTOR = YES;
				GCC_WARN_UNINITIALIZED_AUTOS = YES_AGGRESSIVE;
				GCC_WARN_UNUSED_FUNCTION = YES;
				GCC_WARN_UNUSED_VARIABLE = YES;
				IPHONEOS_DEPLOYMENT_TARGET = 15.5;
				MTL_ENABLE_DEBUG_INFO = INCLUDE_SOURCE;
				MTL_FAST_MATH = YES;
				ONLY_ACTIVE_ARCH = YES;
				SDKROOT = iphoneos;
				SWIFT_ACTIVE_COMPILATION_CONDITIONS = DEBUG;
				SWIFT_OPTIMIZATION_LEVEL = "-Onone";
			};
			name = Debug;
		};
		8E1C1CC72841EFC9004047EC /* Release */ = {
			isa = XCBuildConfiguration;
			buildSettings = {
				ALWAYS_SEARCH_USER_PATHS = NO;
				CLANG_ANALYZER_NONNULL = YES;
				CLANG_ANALYZER_NUMBER_OBJECT_CONVERSION = YES_AGGRESSIVE;
				CLANG_CXX_LANGUAGE_STANDARD = "gnu++17";
				CLANG_ENABLE_MODULES = YES;
				CLANG_ENABLE_OBJC_ARC = YES;
				CLANG_ENABLE_OBJC_WEAK = YES;
				CLANG_WARN_BLOCK_CAPTURE_AUTORELEASING = YES;
				CLANG_WARN_BOOL_CONVERSION = YES;
				CLANG_WARN_COMMA = YES;
				CLANG_WARN_CONSTANT_CONVERSION = YES;
				CLANG_WARN_DEPRECATED_OBJC_IMPLEMENTATIONS = YES;
				CLANG_WARN_DIRECT_OBJC_ISA_USAGE = YES_ERROR;
				CLANG_WARN_DOCUMENTATION_COMMENTS = YES;
				CLANG_WARN_EMPTY_BODY = YES;
				CLANG_WARN_ENUM_CONVERSION = YES;
				CLANG_WARN_INFINITE_RECURSION = YES;
				CLANG_WARN_INT_CONVERSION = YES;
				CLANG_WARN_NON_LITERAL_NULL_CONVERSION = YES;
				CLANG_WARN_OBJC_IMPLICIT_RETAIN_SELF = YES;
				CLANG_WARN_OBJC_LITERAL_CONVERSION = YES;
				CLANG_WARN_OBJC_ROOT_CLASS = YES_ERROR;
				CLANG_WARN_QUOTED_INCLUDE_IN_FRAMEWORK_HEADER = YES;
				CLANG_WARN_RANGE_LOOP_ANALYSIS = YES;
				CLANG_WARN_STRICT_PROTOTYPES = YES;
				CLANG_WARN_SUSPICIOUS_MOVE = YES;
				CLANG_WARN_UNGUARDED_AVAILABILITY = YES_AGGRESSIVE;
				CLANG_WARN_UNREACHABLE_CODE = YES;
				CLANG_WARN__DUPLICATE_METHOD_MATCH = YES;
				COPY_PHASE_STRIP = NO;
				DEBUG_INFORMATION_FORMAT = "dwarf-with-dsym";
				ENABLE_NS_ASSERTIONS = NO;
				ENABLE_STRICT_OBJC_MSGSEND = YES;
				GCC_C_LANGUAGE_STANDARD = gnu11;
				GCC_NO_COMMON_BLOCKS = YES;
				GCC_WARN_64_TO_32_BIT_CONVERSION = YES;
				GCC_WARN_ABOUT_RETURN_TYPE = YES_ERROR;
				GCC_WARN_UNDECLARED_SELECTOR = YES;
				GCC_WARN_UNINITIALIZED_AUTOS = YES_AGGRESSIVE;
				GCC_WARN_UNUSED_FUNCTION = YES;
				GCC_WARN_UNUSED_VARIABLE = YES;
				IPHONEOS_DEPLOYMENT_TARGET = 15.5;
				MTL_ENABLE_DEBUG_INFO = NO;
				MTL_FAST_MATH = YES;
				SDKROOT = iphoneos;
				SWIFT_COMPILATION_MODE = wholemodule;
				SWIFT_OPTIMIZATION_LEVEL = "-O";
				VALIDATE_PRODUCT = YES;
			};
			name = Release;
		};
		8E1C1CC92841EFC9004047EC /* Debug */ = {
			isa = XCBuildConfiguration;
			buildSettings = {
				ASSETCATALOG_COMPILER_APPICON_NAME = AppIcon;
				ASSETCATALOG_COMPILER_GLOBAL_ACCENT_COLOR_NAME = AccentColor;
				CODE_SIGN_STYLE = Automatic;
				CURRENT_PROJECT_VERSION = 1;
				DEVELOPMENT_TEAM = R6RDNJW78B;
				GENERATE_INFOPLIST_FILE = YES;
				INFOPLIST_FILE = "SOPT30th-7th-Seminar/Info.plist";
				INFOPLIST_KEY_UIApplicationSupportsIndirectInputEvents = YES;
				INFOPLIST_KEY_UILaunchStoryboardName = LaunchScreen;
				INFOPLIST_KEY_UIMainStoryboardFile = Main;
				INFOPLIST_KEY_UISupportedInterfaceOrientations_iPad = "UIInterfaceOrientationPortrait UIInterfaceOrientationPortraitUpsideDown UIInterfaceOrientationLandscapeLeft UIInterfaceOrientationLandscapeRight";
				INFOPLIST_KEY_UISupportedInterfaceOrientations_iPhone = "UIInterfaceOrientationPortrait UIInterfaceOrientationLandscapeLeft UIInterfaceOrientationLandscapeRight";
				LD_RUNPATH_SEARCH_PATHS = (
					"$(inherited)",
					"@executable_path/Frameworks",
				);
				MARKETING_VERSION = 1.0;
				PRODUCT_BUNDLE_IDENTIFIER = "org.sopt.subinyoon.SOPT30th-7th-Seminar";
				PRODUCT_NAME = "$(TARGET_NAME)";
				SWIFT_EMIT_LOC_STRINGS = YES;
				SWIFT_VERSION = 5.0;
				TARGETED_DEVICE_FAMILY = "1,2";
			};
			name = Debug;
		};
		8E1C1CCA2841EFC9004047EC /* Release */ = {
			isa = XCBuildConfiguration;
			buildSettings = {
				ASSETCATALOG_COMPILER_APPICON_NAME = AppIcon;
				ASSETCATALOG_COMPILER_GLOBAL_ACCENT_COLOR_NAME = AccentColor;
				CODE_SIGN_STYLE = Automatic;
				CURRENT_PROJECT_VERSION = 1;
				DEVELOPMENT_TEAM = R6RDNJW78B;
				GENERATE_INFOPLIST_FILE = YES;
				INFOPLIST_FILE = "SOPT30th-7th-Seminar/Info.plist";
				INFOPLIST_KEY_UIApplicationSupportsIndirectInputEvents = YES;
				INFOPLIST_KEY_UILaunchStoryboardName = LaunchScreen;
				INFOPLIST_KEY_UIMainStoryboardFile = Main;
				INFOPLIST_KEY_UISupportedInterfaceOrientations_iPad = "UIInterfaceOrientationPortrait UIInterfaceOrientationPortraitUpsideDown UIInterfaceOrientationLandscapeLeft UIInterfaceOrientationLandscapeRight";
				INFOPLIST_KEY_UISupportedInterfaceOrientations_iPhone = "UIInterfaceOrientationPortrait UIInterfaceOrientationLandscapeLeft UIInterfaceOrientationLandscapeRight";
				LD_RUNPATH_SEARCH_PATHS = (
					"$(inherited)",
					"@executable_path/Frameworks",
				);
				MARKETING_VERSION = 1.0;
				PRODUCT_BUNDLE_IDENTIFIER = "org.sopt.subinyoon.SOPT30th-7th-Seminar";
				PRODUCT_NAME = "$(TARGET_NAME)";
				SWIFT_EMIT_LOC_STRINGS = YES;
				SWIFT_VERSION = 5.0;
				TARGETED_DEVICE_FAMILY = "1,2";
			};
			name = Release;
		};
/* End XCBuildConfiguration section */

/* Begin XCConfigurationList section */
		8E1C1CAF2841EFC8004047EC /* Build configuration list for PBXProject "SOPT30th-7th-Seminar" */ = {
			isa = XCConfigurationList;
			buildConfigurations = (
				8E1C1CC62841EFC9004047EC /* Debug */,
				8E1C1CC72841EFC9004047EC /* Release */,
			);
			defaultConfigurationIsVisible = 0;
			defaultConfigurationName = Release;
		};
		8E1C1CC82841EFC9004047EC /* Build configuration list for PBXNativeTarget "SOPT30th-7th-Seminar" */ = {
			isa = XCConfigurationList;
			buildConfigurations = (
				8E1C1CC92841EFC9004047EC /* Debug */,
				8E1C1CCA2841EFC9004047EC /* Release */,
			);
			defaultConfigurationIsVisible = 0;
			defaultConfigurationName = Release;
		};
/* End XCConfigurationList section */
	};
	rootObject = 8E1C1CAC2841EFC8004047EC /* Project object */;
}
