PODS:
  - Alamofire (5.6.1)
  - Kingfisher (7.2.2)

DEPENDENCIES:
  - Alamofire
  - Kingfisher

SPEC REPOS:
  trunk:
    - Alamofire
    - Kingfisher

SPEC CHECKSUMS:
  Alamofire: 87bd8c952f9a4454320fce00d9cc3de57bcadaf5
  Kingfisher: 184d4d1a8c36666e663caf8e08abe87898595c53

PODFILE CHECKSUM: 7b07cb6d62899ee01a1c63de6c7afc4161007f2a

COCOAPODS: 1.11.3
