// !$*UTF8*$!
{
	archiveVersion = 1;
	classes = {
	};
	objectVersion = 55;
	objects = {

/* Begin PBXBuildFile section */
		8E37313E27FED34F00942C46 /* AppDelegate.swift in Sources */ = {isa = PBXBuildFile; fileRef = 8E37313D27FED34F00942C46 /* AppDelegate.swift */; };
		8E37314027FED34F00942C46 /* SceneDelegate.swift in Sources */ = {isa = PBXBuildFile; fileRef = 8E37313F27FED34F00942C46 /* SceneDelegate.swift */; };
		8E37314227FED34F00942C46 /* LoginViewController.swift in Sources */ = {isa = PBXBuildFile; fileRef = 8E37314127FED34F00942C46 /* LoginViewController.swift */; };
		8E37314727FED35000942C46 /* Assets.xcassets in Resources */ = {isa = PBXBuildFile; fileRef = 8E37314627FED35000942C46 /* Assets.xcassets */; };
		8E37314A27FED35000942C46 /* LaunchScreen.storyboard in Resources */ = {isa = PBXBuildFile; fileRef = 8E37314827FED35000942C46 /* LaunchScreen.storyboard */; };
		8E37315827FEDFDB00942C46 /* SignUpNameViewController.swift in Sources */ = {isa = PBXBuildFile; fileRef = 8E37315727FEDFDB00942C46 /* SignUpNameViewController.swift */; };
		8E37315A27FEDFFB00942C46 /* SignUpPasswordViewController.swift in Sources */ = {isa = PBXBuildFile; fileRef = 8E37315927FEDFFB00942C46 /* SignUpPasswordViewController.swift */; };
		8E37315C27FEE01A00942C46 /* AuthCompleteViewController.swift in Sources */ = {isa = PBXBuildFile; fileRef = 8E37315B27FEE01A00942C46 /* AuthCompleteViewController.swift */; };
		8E86DDAF280C234700B1BC73 /* Login.storyboard in Resources */ = {isa = PBXBuildFile; fileRef = 8E86DDAE280C234700B1BC73 /* Login.storyboard */; };
		8E86DDB1280C236000B1BC73 /* SignUp.storyboard in Resources */ = {isa = PBXBuildFile; fileRef = 8E86DDB0280C236000B1BC73 /* SignUp.storyboard */; };
		8E86DDB3280C237800B1BC73 /* AuthComplete.storyboard in Resources */ = {isa = PBXBuildFile; fileRef = 8E86DDB2280C237800B1BC73 /* AuthComplete.storyboard */; };
		8E86DDB7280C23A000B1BC73 /* Home.storyboard in Resources */ = {isa = PBXBuildFile; fileRef = 8E86DDB6280C23A000B1BC73 /* Home.storyboard */; };
		8E86DDB9280C23AA00B1BC73 /* Search.storyboard in Resources */ = {isa = PBXBuildFile; fileRef = 8E86DDB8280C23AA00B1BC73 /* Search.storyboard */; };
		8E86DDBB280C23B700B1BC73 /* Reels.storyboard in Resources */ = {isa = PBXBuildFile; fileRef = 8E86DDBA280C23B700B1BC73 /* Reels.storyboard */; };
		8E86DDBD280C23C100B1BC73 /* Shop.storyboard in Resources */ = {isa = PBXBuildFile; fileRef = 8E86DDBC280C23C100B1BC73 /* Shop.storyboard */; };
		8E86DDBF280C23CB00B1BC73 /* Profile.storyboard in Resources */ = {isa = PBXBuildFile; fileRef = 8E86DDBE280C23CB00B1BC73 /* Profile.storyboard */; };
		8E86DDC1280C256900B1BC73 /* Main.storyboard in Resources */ = {isa = PBXBuildFile; fileRef = 8E86DDC0280C256900B1BC73 /* Main.storyboard */; };
		8E86DDC6280C304E00B1BC73 /* TabBarMain.storyboard in Resources */ = {isa = PBXBuildFile; fileRef = 8E86DDC5280C304E00B1BC73 /* TabBarMain.storyboard */; };
		8E86DDC8280C365000B1BC73 /* UITabBarController+.swift in Sources */ = {isa = PBXBuildFile; fileRef = 8E86DDC7280C365000B1BC73 /* UITabBarController+.swift */; };
		8E86DDCA280C3B9300B1BC73 /* TabBarMainViewController.swift in Sources */ = {isa = PBXBuildFile; fileRef = 8E86DDC9280C3B9300B1BC73 /* TabBarMainViewController.swift */; };
		8E99B8B22808435A00D2AF4B /* UIView+.swift in Sources */ = {isa = PBXBuildFile; fileRef = 8E99B8B12808435A00D2AF4B /* UIView+.swift */; };
		8E99B8BE280844D500D2AF4B /* AuthModel.swift in Sources */ = {isa = PBXBuildFile; fileRef = 8E99B8BD280844D500D2AF4B /* AuthModel.swift */; };
		8E99B8C02808458C00D2AF4B /* LoginView.swift in Sources */ = {isa = PBXBuildFile; fileRef = 8E99B8BF2808458C00D2AF4B /* LoginView.swift */; };
		8E99B8C2280846F800D2AF4B /* SignUpView.swift in Sources */ = {isa = PBXBuildFile; fileRef = 8E99B8C1280846F800D2AF4B /* SignUpView.swift */; };
		8E99B8C42808470D00D2AF4B /* AuthCompleteView.swift in Sources */ = {isa = PBXBuildFile; fileRef = 8E99B8C32808470D00D2AF4B /* AuthCompleteView.swift */; };
		8E99B8C8280847F200D2AF4B /* UITextField+.swift in Sources */ = {isa = PBXBuildFile; fileRef = 8E99B8C7280847F200D2AF4B /* UITextField+.swift */; };
		8E99B8CC2808496E00D2AF4B /* UIColor+.swift in Sources */ = {isa = PBXBuildFile; fileRef = 8E99B8CB2808496E00D2AF4B /* UIColor+.swift */; };
		8E99B8CE28084AFC00D2AF4B /* Colors.xcassets in Resources */ = {isa = PBXBuildFile; fileRef = 8E99B8CD28084AFB00D2AF4B /* Colors.xcassets */; };
		8EE7D0E3280C03F6000F27D7 /* UIViewController+.swift in Sources */ = {isa = PBXBuildFile; fileRef = 8EE7D0E2280C03F6000F27D7 /* UIViewController+.swift */; };
		8EFEB5CE280C217400F092EA /* TabBarMainModel.swift in Sources */ = {isa = PBXBuildFile; fileRef = 8EFEB5CD280C217400F092EA /* TabBarMainModel.swift */; };
		8EFEB5D0280C218300F092EA /* TabBarMainView.swift in Sources */ = {isa = PBXBuildFile; fileRef = 8EFEB5CF280C218300F092EA /* TabBarMainView.swift */; };
		8EFEB5D4280C21BE00F092EA /* HomeViewController.swift in Sources */ = {isa = PBXBuildFile; fileRef = 8EFEB5D3280C21BE00F092EA /* HomeViewController.swift */; };
		8EFEB5D6280C220800F092EA /* SearchViewController.swift in Sources */ = {isa = PBXBuildFile; fileRef = 8EFEB5D5280C220800F092EA /* SearchViewController.swift */; };
		8EFEB5D8280C224800F092EA /* ReelsViewController.swift in Sources */ = {isa = PBXBuildFile; fileRef = 8EFEB5D7280C224800F092EA /* ReelsViewController.swift */; };
		8EFEB5DA280C225300F092EA /* ShopViewController.swift in Sources */ = {isa = PBXBuildFile; fileRef = 8EFEB5D9280C225300F092EA /* ShopViewController.swift */; };
		8EFEB5DC280C225C00F092EA /* ProfileViewController.swift in Sources */ = {isa = PBXBuildFile; fileRef = 8EFEB5DB280C225C00F092EA /* ProfileViewController.swift */; };
/* End PBXBuildFile section */

/* Begin PBXFileReference section */
		8E37313A27FED34F00942C46 /* Instagram-Clone.app */ = {isa = PBXFileReference; explicitFileType = wrapper.application; includeInIndex = 0; path = "Instagram-Clone.app"; sourceTree = BUILT_PRODUCTS_DIR; };
		8E37313D27FED34F00942C46 /* AppDelegate.swift */ = {isa = PBXFileReference; lastKnownFileType = sourcecode.swift; path = AppDelegate.swift; sourceTree = "<group>"; };
		8E37313F27FED34F00942C46 /* SceneDelegate.swift */ = {isa = PBXFileReference; lastKnownFileType = sourcecode.swift; path = SceneDelegate.swift; sourceTree = "<group>"; };
		8E37314127FED34F00942C46 /* LoginViewController.swift */ = {isa = PBXFileReference; lastKnownFileType = sourcecode.swift; path = LoginViewController.swift; sourceTree = "<group>"; };
		8E37314627FED35000942C46 /* Assets.xcassets */ = {isa = PBXFileReference; lastKnownFileType = folder.assetcatalog; path = Assets.xcassets; sourceTree = "<group>"; };
		8E37314927FED35000942C46 /* Base */ = {isa = PBXFileReference; lastKnownFileType = file.storyboard; name = Base; path = Base.lproj/LaunchScreen.storyboard; sourceTree = "<group>"; };
		8E37314B27FED35000942C46 /* Info.plist */ = {isa = PBXFileReference; lastKnownFileType = text.plist.xml; path = Info.plist; sourceTree = "<group>"; };
		8E37315727FEDFDB00942C46 /* SignUpNameViewController.swift */ = {isa = PBXFileReference; lastKnownFileType = sourcecode.swift; path = SignUpNameViewController.swift; sourceTree = "<group>"; };
		8E37315927FEDFFB00942C46 /* SignUpPasswordViewController.swift */ = {isa = PBXFileReference; lastKnownFileType = sourcecode.swift; path = SignUpPasswordViewController.swift; sourceTree = "<group>"; };
		8E37315B27FEE01A00942C46 /* AuthCompleteViewController.swift */ = {isa = PBXFileReference; lastKnownFileType = sourcecode.swift; path = AuthCompleteViewController.swift; sourceTree = "<group>"; };
		8E86DDAE280C234700B1BC73 /* Login.storyboard */ = {isa = PBXFileReference; lastKnownFileType = file.storyboard; path = Login.storyboard; sourceTree = "<group>"; };
		8E86DDB0280C236000B1BC73 /* SignUp.storyboard */ = {isa = PBXFileReference; lastKnownFileType = file.storyboard; path = SignUp.storyboard; sourceTree = "<group>"; };
		8E86DDB2280C237800B1BC73 /* AuthComplete.storyboard */ = {isa = PBXFileReference; lastKnownFileType = file.storyboard; path = AuthComplete.storyboard; sourceTree = "<group>"; };
		8E86DDB6280C23A000B1BC73 /* Home.storyboard */ = {isa = PBXFileReference; lastKnownFileType = file.storyboard; path = Home.storyboard; sourceTree = "<group>"; };
		8E86DDB8280C23AA00B1BC73 /* Search.storyboard */ = {isa = PBXFileReference; lastKnownFileType = file.storyboard; path = Search.storyboard; sourceTree = "<group>"; };
		8E86DDBA280C23B700B1BC73 /* Reels.storyboard */ = {isa = PBXFileReference; lastKnownFileType = file.storyboard; path = Reels.storyboard; sourceTree = "<group>"; };
		8E86DDBC280C23C100B1BC73 /* Shop.storyboard */ = {isa = PBXFileReference; lastKnownFileType = file.storyboard; path = Shop.storyboard; sourceTree = "<group>"; };
		8E86DDBE280C23CB00B1BC73 /* Profile.storyboard */ = {isa = PBXFileReference; lastKnownFileType = file.storyboard; path = Profile.storyboard; sourceTree = "<group>"; };
		8E86DDC0280C256900B1BC73 /* Main.storyboard */ = {isa = PBXFileReference; lastKnownFileType = file.storyboard; path = Main.storyboard; sourceTree = "<group>"; };
		8E86DDC5280C304E00B1BC73 /* TabBarMain.storyboard */ = {isa = PBXFileReference; lastKnownFileType = file.storyboard; path = TabBarMain.storyboard; sourceTree = "<group>"; };
		8E86DDC7280C365000B1BC73 /* UITabBarController+.swift */ = {isa = PBXFileReference; lastKnownFileType = sourcecode.swift; path = "UITabBarController+.swift"; sourceTree = "<group>"; };
		8E86DDC9280C3B9300B1BC73 /* TabBarMainViewController.swift */ = {isa = PBXFileReference; lastKnownFileType = sourcecode.swift; path = TabBarMainViewController.swift; sourceTree = "<group>"; };
		8E99B8B12808435A00D2AF4B /* UIView+.swift */ = {isa = PBXFileReference; lastKnownFileType = sourcecode.swift; path = "UIView+.swift"; sourceTree = "<group>"; };
		8E99B8BD280844D500D2AF4B /* AuthModel.swift */ = {isa = PBXFileReference; lastKnownFileType = sourcecode.swift; path = AuthModel.swift; sourceTree = "<group>"; };
		8E99B8BF2808458C00D2AF4B /* LoginView.swift */ = {isa = PBXFileReference; lastKnownFileType = sourcecode.swift; path = LoginView.swift; sourceTree = "<group>"; };
		8E99B8C1280846F800D2AF4B /* SignUpView.swift */ = {isa = PBXFileReference; lastKnownFileType = sourcecode.swift; path = SignUpView.swift; sourceTree = "<group>"; };
		8E99B8C32808470D00D2AF4B /* AuthCompleteView.swift */ = {isa = PBXFileReference; lastKnownFileType = sourcecode.swift; path = AuthCompleteView.swift; sourceTree = "<group>"; };
		8E99B8C7280847F200D2AF4B /* UITextField+.swift */ = {isa = PBXFileReference; lastKnownFileType = sourcecode.swift; path = "UITextField+.swift"; sourceTree = "<group>"; };
		8E99B8CB2808496E00D2AF4B /* UIColor+.swift */ = {isa = PBXFileReference; lastKnownFileType = sourcecode.swift; path = "UIColor+.swift"; sourceTree = "<group>"; };
		8E99B8CD28084AFB00D2AF4B /* Colors.xcassets */ = {isa = PBXFileReference; lastKnownFileType = folder.assetcatalog; path = Colors.xcassets; sourceTree = "<group>"; };
		8EE7D0E2280C03F6000F27D7 /* UIViewController+.swift */ = {isa = PBXFileReference; lastKnownFileType = sourcecode.swift; path = "UIViewController+.swift"; sourceTree = "<group>"; };
		8EFEB5CD280C217400F092EA /* TabBarMainModel.swift */ = {isa = PBXFileReference; lastKnownFileType = sourcecode.swift; path = TabBarMainModel.swift; sourceTree = "<group>"; };
		8EFEB5CF280C218300F092EA /* TabBarMainView.swift */ = {isa = PBXFileReference; lastKnownFileType = sourcecode.swift; path = TabBarMainView.swift; sourceTree = "<group>"; };
		8EFEB5D3280C21BE00F092EA /* HomeViewController.swift */ = {isa = PBXFileReference; lastKnownFileType = sourcecode.swift; path = HomeViewController.swift; sourceTree = "<group>"; };
		8EFEB5D5280C220800F092EA /* SearchViewController.swift */ = {isa = PBXFileReference; lastKnownFileType = sourcecode.swift; path = SearchViewController.swift; sourceTree = "<group>"; };
		8EFEB5D7280C224800F092EA /* ReelsViewController.swift */ = {isa = PBXFileReference; lastKnownFileType = sourcecode.swift; path = ReelsViewController.swift; sourceTree = "<group>"; };
		8EFEB5D9280C225300F092EA /* ShopViewController.swift */ = {isa = PBXFileReference; lastKnownFileType = sourcecode.swift; path = ShopViewController.swift; sourceTree = "<group>"; };
		8EFEB5DB280C225C00F092EA /* ProfileViewController.swift */ = {isa = PBXFileReference; lastKnownFileType = sourcecode.swift; path = ProfileViewController.swift; sourceTree = "<group>"; };
/* End PBXFileReference section */

/* Begin PBXFrameworksBuildPhase section */
		8E37313727FED34F00942C46 /* Frameworks */ = {
			isa = PBXFrameworksBuildPhase;
			buildActionMask = 2147483647;
			files = (
			);
			runOnlyForDeploymentPostprocessing = 0;
		};
/* End PBXFrameworksBuildPhase section */

/* Begin PBXGroup section */
		8E37313127FED34F00942C46 = {
			isa = PBXGroup;
			children = (
				8E37313C27FED34F00942C46 /* Instagram-Clone */,
				8E37313B27FED34F00942C46 /* Products */,
			);
			sourceTree = "<group>";
		};
		8E37313B27FED34F00942C46 /* Products */ = {
			isa = PBXGroup;
			children = (
				8E37313A27FED34F00942C46 /* Instagram-Clone.app */,
			);
			name = Products;
			sourceTree = "<group>";
		};
		8E37313C27FED34F00942C46 /* Instagram-Clone */ = {
			isa = PBXGroup;
			children = (
				8E99B8A328083D0900D2AF4B /* Global */,
				8E99B89D28083A8700D2AF4B /* Source */,
				8E99B89C280838E200D2AF4B /* Resource */,
				8E37314B27FED35000942C46 /* Info.plist */,
			);
			path = "Instagram-Clone";
			sourceTree = "<group>";
		};
		8E86DDAD280C230B00B1BC73 /* Auth */ = {
			isa = PBXGroup;
			children = (
				8E86DDAE280C234700B1BC73 /* Login.storyboard */,
				8E86DDB0280C236000B1BC73 /* SignUp.storyboard */,
				8E86DDB2280C237800B1BC73 /* AuthComplete.storyboard */,
			);
			path = Auth;
			sourceTree = "<group>";
		};
		8E86DDB4280C238100B1BC73 /* TabBar */ = {
			isa = PBXGroup;
			children = (
				8E86DDC5280C304E00B1BC73 /* TabBarMain.storyboard */,
				8E86DDB6280C23A000B1BC73 /* Home.storyboard */,
				8E86DDB8280C23AA00B1BC73 /* Search.storyboard */,
				8E86DDBA280C23B700B1BC73 /* Reels.storyboard */,
				8E86DDBC280C23C100B1BC73 /* Shop.storyboard */,
				8E86DDBE280C23CB00B1BC73 /* Profile.storyboard */,
			);
			path = TabBar;
			sourceTree = "<group>";
		};
		8E99B89C280838E200D2AF4B /* Resource */ = {
			isa = PBXGroup;
			children = (
				8E99B8A62808405E00D2AF4B /* Asset */,
				8E99B8A428083F4700D2AF4B /* Storyboard */,
				8E99B8A528083F5A00D2AF4B /* Support */,
			);
			path = Resource;
			sourceTree = "<group>";
		};
		8E99B89D28083A8700D2AF4B /* Source */ = {
			isa = PBXGroup;
			children = (
				8E99B8A228083AF100D2AF4B /* Screen */,
			);
			path = Source;
			sourceTree = "<group>";
		};
		8E99B8A228083AF100D2AF4B /* Screen */ = {
			isa = PBXGroup;
			children = (
				8EFEB5C9280C207300F092EA /* TabBar */,
				8E99B8B92808449600D2AF4B /* Auth */,
			);
			path = Screen;
			sourceTree = "<group>";
		};
		8E99B8A328083D0900D2AF4B /* Global */ = {
			isa = PBXGroup;
			children = (
				8E99B8A7280840FD00D2AF4B /* Extension */,
			);
			path = Global;
			sourceTree = "<group>";
		};
		8E99B8A428083F4700D2AF4B /* Storyboard */ = {
			isa = PBXGroup;
			children = (
				8E86DDB4280C238100B1BC73 /* TabBar */,
				8E86DDAD280C230B00B1BC73 /* Auth */,
				8E86DDC0280C256900B1BC73 /* Main.storyboard */,
				8E37314827FED35000942C46 /* LaunchScreen.storyboard */,
			);
			path = Storyboard;
			sourceTree = "<group>";
		};
		8E99B8A528083F5A00D2AF4B /* Support */ = {
			isa = PBXGroup;
			children = (
				8E37313D27FED34F00942C46 /* AppDelegate.swift */,
				8E37313F27FED34F00942C46 /* SceneDelegate.swift */,
			);
			path = Support;
			sourceTree = "<group>";
		};
		8E99B8A62808405E00D2AF4B /* Asset */ = {
			isa = PBXGroup;
			children = (
				8E37314627FED35000942C46 /* Assets.xcassets */,
				8E99B8CD28084AFB00D2AF4B /* Colors.xcassets */,
			);
			path = Asset;
			sourceTree = "<group>";
		};
		8E99B8A7280840FD00D2AF4B /* Extension */ = {
			isa = PBXGroup;
			children = (
				8E99B8B12808435A00D2AF4B /* UIView+.swift */,
				8E99B8C7280847F200D2AF4B /* UITextField+.swift */,
				8E99B8CB2808496E00D2AF4B /* UIColor+.swift */,
				8EE7D0E2280C03F6000F27D7 /* UIViewController+.swift */,
				8E86DDC7280C365000B1BC73 /* UITabBarController+.swift */,
			);
			path = Extension;
			sourceTree = "<group>";
		};
		8E99B8B92808449600D2AF4B /* Auth */ = {
			isa = PBXGroup;
			children = (
				8E99B8BA280844A600D2AF4B /* Model */,
				8E99B8BB280844AA00D2AF4B /* View */,
				8E99B8BC280844AF00D2AF4B /* Controller */,
			);
			path = Auth;
			sourceTree = "<group>";
		};
		8E99B8BA280844A600D2AF4B /* Model */ = {
			isa = PBXGroup;
			children = (
				8E99B8BD280844D500D2AF4B /* AuthModel.swift */,
			);
			path = Model;
			sourceTree = "<group>";
		};
		8E99B8BB280844AA00D2AF4B /* View */ = {
			isa = PBXGroup;
			children = (
				8E99B8BF2808458C00D2AF4B /* LoginView.swift */,
				8E99B8C1280846F800D2AF4B /* SignUpView.swift */,
				8E99B8C32808470D00D2AF4B /* AuthCompleteView.swift */,
			);
			path = View;
			sourceTree = "<group>";
		};
		8E99B8BC280844AF00D2AF4B /* Controller */ = {
			isa = PBXGroup;
			children = (
				8E37314127FED34F00942C46 /* LoginViewController.swift */,
				8E37315727FEDFDB00942C46 /* SignUpNameViewController.swift */,
				8E37315927FEDFFB00942C46 /* SignUpPasswordViewController.swift */,
				8E37315B27FEE01A00942C46 /* AuthCompleteViewController.swift */,
			);
			path = Controller;
			sourceTree = "<group>";
		};
		8EFEB5C9280C207300F092EA /* TabBar */ = {
			isa = PBXGroup;
			children = (
				8EFEB5CA280C20A400F092EA /* Model */,
				8EFEB5CB280C20B000F092EA /* View */,
				8EFEB5CC280C20B500F092EA /* Controller */,
			);
			path = TabBar;
			sourceTree = "<group>";
		};
		8EFEB5CA280C20A400F092EA /* Model */ = {
			isa = PBXGroup;
			children = (
				8EFEB5CD280C217400F092EA /* TabBarMainModel.swift */,
			);
			path = Model;
			sourceTree = "<group>";
		};
		8EFEB5CB280C20B000F092EA /* View */ = {
			isa = PBXGroup;
			children = (
				8EFEB5CF280C218300F092EA /* TabBarMainView.swift */,
			);
			path = View;
			sourceTree = "<group>";
		};
		8EFEB5CC280C20B500F092EA /* Controller */ = {
			isa = PBXGroup;
			children = (
				8E86DDC9280C3B9300B1BC73 /* TabBarMainViewController.swift */,
				8EFEB5D3280C21BE00F092EA /* HomeViewController.swift */,
				8EFEB5D5280C220800F092EA /* SearchViewController.swift */,
				8EFEB5D7280C224800F092EA /* ReelsViewController.swift */,
				8EFEB5D9280C225300F092EA /* ShopViewController.swift */,
				8EFEB5DB280C225C00F092EA /* ProfileViewController.swift */,
			);
			path = Controller;
			sourceTree = "<group>";
		};
/* End PBXGroup section */

/* Begin PBXNativeTarget section */
		8E37313927FED34F00942C46 /* Instagram-Clone */ = {
			isa = PBXNativeTarget;
			buildConfigurationList = 8E37314E27FED35000942C46 /* Build configuration list for PBXNativeTarget "Instagram-Clone" */;
			buildPhases = (
				8E37313627FED34F00942C46 /* Sources */,
				8E37313727FED34F00942C46 /* Frameworks */,
				8E37313827FED34F00942C46 /* Resources */,
			);
			buildRules = (
			);
			dependencies = (
			);
			name = "Instagram-Clone";
			productName = "Instagram-Clone";
			productReference = 8E37313A27FED34F00942C46 /* Instagram-Clone.app */;
			productType = "com.apple.product-type.application";
		};
/* End PBXNativeTarget section */

/* Begin PBXProject section */
		8E37313227FED34F00942C46 /* Project object */ = {
			isa = PBXProject;
			attributes = {
				BuildIndependentTargetsInParallel = 1;
				LastSwiftUpdateCheck = 1330;
				LastUpgradeCheck = 1330;
				TargetAttributes = {
					8E37313927FED34F00942C46 = {
						CreatedOnToolsVersion = 13.3;
					};
				};
			};
			buildConfigurationList = 8E37313527FED34F00942C46 /* Build configuration list for PBXProject "Instagram-Clone" */;
			compatibilityVersion = "Xcode 13.0";
			developmentRegion = en;
			hasScannedForEncodings = 0;
			knownRegions = (
				en,
				Base,
			);
			mainGroup = 8E37313127FED34F00942C46;
			productRefGroup = 8E37313B27FED34F00942C46 /* Products */;
			projectDirPath = "";
			projectRoot = "";
			targets = (
				8E37313927FED34F00942C46 /* Instagram-Clone */,
			);
		};
/* End PBXProject section */

/* Begin PBXResourcesBuildPhase section */
		8E37313827FED34F00942C46 /* Resources */ = {
			isa = PBXResourcesBuildPhase;
			buildActionMask = 2147483647;
			files = (
				8E86DDBB280C23B700B1BC73 /* Reels.storyboard in Resources */,
				8E37314A27FED35000942C46 /* LaunchScreen.storyboard in Resources */,
				8E99B8CE28084AFC00D2AF4B /* Colors.xcassets in Resources */,
				8E86DDC1280C256900B1BC73 /* Main.storyboard in Resources */,
				8E86DDB1280C236000B1BC73 /* SignUp.storyboard in Resources */,
				8E86DDB3280C237800B1BC73 /* AuthComplete.storyboard in Resources */,
				8E86DDBD280C23C100B1BC73 /* Shop.storyboard in Resources */,
				8E86DDBF280C23CB00B1BC73 /* Profile.storyboard in Resources */,
				8E86DDC6280C304E00B1BC73 /* TabBarMain.storyboard in Resources */,
				8E86DDB9280C23AA00B1BC73 /* Search.storyboard in Resources */,
				8E37314727FED35000942C46 /* Assets.xcassets in Resources */,
				8E86DDAF280C234700B1BC73 /* Login.storyboard in Resources */,
				8E86DDB7280C23A000B1BC73 /* Home.storyboard in Resources */,
			);
			runOnlyForDeploymentPostprocessing = 0;
		};
/* End PBXResourcesBuildPhase section */

/* Begin PBXSourcesBuildPhase section */
		8E37313627FED34F00942C46 /* Sources */ = {
			isa = PBXSourcesBuildPhase;
			buildActionMask = 2147483647;
			files = (
				8E37314227FED34F00942C46 /* LoginViewController.swift in Sources */,
				8EFEB5D8280C224800F092EA /* ReelsViewController.swift in Sources */,
				8E99B8CC2808496E00D2AF4B /* UIColor+.swift in Sources */,
				8E37315827FEDFDB00942C46 /* SignUpNameViewController.swift in Sources */,
				8E99B8B22808435A00D2AF4B /* UIView+.swift in Sources */,
				8E37313E27FED34F00942C46 /* AppDelegate.swift in Sources */,
				8E37315C27FEE01A00942C46 /* AuthCompleteViewController.swift in Sources */,
				8EFEB5CE280C217400F092EA /* TabBarMainModel.swift in Sources */,
				8EE7D0E3280C03F6000F27D7 /* UIViewController+.swift in Sources */,
				8E99B8C42808470D00D2AF4B /* AuthCompleteView.swift in Sources */,
				8E86DDCA280C3B9300B1BC73 /* TabBarMainViewController.swift in Sources */,
				8EFEB5D4280C21BE00F092EA /* HomeViewController.swift in Sources */,
				8E99B8C8280847F200D2AF4B /* UITextField+.swift in Sources */,
				8EFEB5DA280C225300F092EA /* ShopViewController.swift in Sources */,
				8E86DDC8280C365000B1BC73 /* UITabBarController+.swift in Sources */,
				8E99B8C02808458C00D2AF4B /* LoginView.swift in Sources */,
				8EFEB5D6280C220800F092EA /* SearchViewController.swift in Sources */,
				8E37315A27FEDFFB00942C46 /* SignUpPasswordViewController.swift in Sources */,
				8E37314027FED34F00942C46 /* SceneDelegate.swift in Sources */,
				8E99B8BE280844D500D2AF4B /* AuthModel.swift in Sources */,
				8EFEB5DC280C225C00F092EA /* ProfileViewController.swift in Sources */,
				8EFEB5D0280C218300F092EA /* TabBarMainView.swift in Sources */,
				8E99B8C2280846F800D2AF4B /* SignUpView.swift in Sources */,
			);
			runOnlyForDeploymentPostprocessing = 0;
		};
/* End PBXSourcesBuildPhase section */

/* Begin PBXVariantGroup section */
		8E37314827FED35000942C46 /* LaunchScreen.storyboard */ = {
			isa = PBXVariantGroup;
			children = (
				8E37314927FED35000942C46 /* Base */,
			);
			name = LaunchScreen.storyboard;
			sourceTree = "<group>";
		};
/* End PBXVariantGroup section */

/* Begin XCBuildConfiguration section */
		8E37314C27FED35000942C46 /* Debug */ = {
			isa = XCBuildConfiguration;
			buildSettings = {
				ALWAYS_SEARCH_USER_PATHS = NO;
				CLANG_ANALYZER_NONNULL = YES;
				CLANG_ANALYZER_NUMBER_OBJECT_CONVERSION = YES_AGGRESSIVE;
				CLANG_CXX_LANGUAGE_STANDARD = "gnu++17";
				CLANG_ENABLE_MODULES = YES;
				CLANG_ENABLE_OBJC_ARC = YES;
				CLANG_ENABLE_OBJC_WEAK = YES;
				CLANG_WARN_BLOCK_CAPTURE_AUTORELEASING = YES;
				CLANG_WARN_BOOL_CONVERSION = YES;
				CLANG_WARN_COMMA = YES;
				CLANG_WARN_CONSTANT_CONVERSION = YES;
				CLANG_WARN_DEPRECATED_OBJC_IMPLEMENTATIONS = YES;
				CLANG_WARN_DIRECT_OBJC_ISA_USAGE = YES_ERROR;
				CLANG_WARN_DOCUMENTATION_COMMENTS = YES;
				CLANG_WARN_EMPTY_BODY = YES;
				CLANG_WARN_ENUM_CONVERSION = YES;
				CLANG_WARN_INFINITE_RECURSION = YES;
				CLANG_WARN_INT_CONVERSION = YES;
				CLANG_WARN_NON_LITERAL_NULL_CONVERSION = YES;
				CLANG_WARN_OBJC_IMPLICIT_RETAIN_SELF = YES;
				CLANG_WARN_OBJC_LITERAL_CONVERSION = YES;
				CLANG_WARN_OBJC_ROOT_CLASS = YES_ERROR;
				CLANG_WARN_QUOTED_INCLUDE_IN_FRAMEWORK_HEADER = YES;
				CLANG_WARN_RANGE_LOOP_ANALYSIS = YES;
				CLANG_WARN_STRICT_PROTOTYPES = YES;
				CLANG_WARN_SUSPICIOUS_MOVE = YES;
				CLANG_WARN_UNGUARDED_AVAILABILITY = YES_AGGRESSIVE;
				CLANG_WARN_UNREACHABLE_CODE = YES;
				CLANG_WARN__DUPLICATE_METHOD_MATCH = YES;
				COPY_PHASE_STRIP = NO;
				DEBUG_INFORMATION_FORMAT = dwarf;
				ENABLE_STRICT_OBJC_MSGSEND = YES;
				ENABLE_TESTABILITY = YES;
				GCC_C_LANGUAGE_STANDARD = gnu11;
				GCC_DYNAMIC_NO_PIC = NO;
				GCC_NO_COMMON_BLOCKS = YES;
				GCC_OPTIMIZATION_LEVEL = 0;
				GCC_PREPROCESSOR_DEFINITIONS = (
					"DEBUG=1",
					"$(inherited)",
				);
				GCC_WARN_64_TO_32_BIT_CONVERSION = YES;
				GCC_WARN_ABOUT_RETURN_TYPE = YES_ERROR;
				GCC_WARN_UNDECLARED_SELECTOR = YES;
				GCC_WARN_UNINITIALIZED_AUTOS = YES_AGGRESSIVE;
				GCC_WARN_UNUSED_FUNCTION = YES;
				GCC_WARN_UNUSED_VARIABLE = YES;
				IPHONEOS_DEPLOYMENT_TARGET = 15.4;
				MTL_ENABLE_DEBUG_INFO = INCLUDE_SOURCE;
				MTL_FAST_MATH = YES;
				ONLY_ACTIVE_ARCH = YES;
				SDKROOT = iphoneos;
				SWIFT_ACTIVE_COMPILATION_CONDITIONS = DEBUG;
				SWIFT_OPTIMIZATION_LEVEL = "-Onone";
			};
			name = Debug;
		};
		8E37314D27FED35000942C46 /* Release */ = {
			isa = XCBuildConfiguration;
			buildSettings = {
				ALWAYS_SEARCH_USER_PATHS = NO;
				CLANG_ANALYZER_NONNULL = YES;
				CLANG_ANALYZER_NUMBER_OBJECT_CONVERSION = YES_AGGRESSIVE;
				CLANG_CXX_LANGUAGE_STANDARD = "gnu++17";
				CLANG_ENABLE_MODULES = YES;
				CLANG_ENABLE_OBJC_ARC = YES;
				CLANG_ENABLE_OBJC_WEAK = YES;
				CLANG_WARN_BLOCK_CAPTURE_AUTORELEASING = YES;
				CLANG_WARN_BOOL_CONVERSION = YES;
				CLANG_WARN_COMMA = YES;
				CLANG_WARN_CONSTANT_CONVERSION = YES;
				CLANG_WARN_DEPRECATED_OBJC_IMPLEMENTATIONS = YES;
				CLANG_WARN_DIRECT_OBJC_ISA_USAGE = YES_ERROR;
				CLANG_WARN_DOCUMENTATION_COMMENTS = YES;
				CLANG_WARN_EMPTY_BODY = YES;
				CLANG_WARN_ENUM_CONVERSION = YES;
				CLANG_WARN_INFINITE_RECURSION = YES;
				CLANG_WARN_INT_CONVERSION = YES;
				CLANG_WARN_NON_LITERAL_NULL_CONVERSION = YES;
				CLANG_WARN_OBJC_IMPLICIT_RETAIN_SELF = YES;
				CLANG_WARN_OBJC_LITERAL_CONVERSION = YES;
				CLANG_WARN_OBJC_ROOT_CLASS = YES_ERROR;
				CLANG_WARN_QUOTED_INCLUDE_IN_FRAMEWORK_HEADER = YES;
				CLANG_WARN_RANGE_LOOP_ANALYSIS = YES;
				CLANG_WARN_STRICT_PROTOTYPES = YES;
				CLANG_WARN_SUSPICIOUS_MOVE = YES;
				CLANG_WARN_UNGUARDED_AVAILABILITY = YES_AGGRESSIVE;
				CLANG_WARN_UNREACHABLE_CODE = YES;
				CLANG_WARN__DUPLICATE_METHOD_MATCH = YES;
				COPY_PHASE_STRIP = NO;
				DEBUG_INFORMATION_FORMAT = "dwarf-with-dsym";
				ENABLE_NS_ASSERTIONS = NO;
				ENABLE_STRICT_OBJC_MSGSEND = YES;
				GCC_C_LANGUAGE_STANDARD = gnu11;
				GCC_NO_COMMON_BLOCKS = YES;
				GCC_WARN_64_TO_32_BIT_CONVERSION = YES;
				GCC_WARN_ABOUT_RETURN_TYPE = YES_ERROR;
				GCC_WARN_UNDECLARED_SELECTOR = YES;
				GCC_WARN_UNINITIALIZED_AUTOS = YES_AGGRESSIVE;
				GCC_WARN_UNUSED_FUNCTION = YES;
				GCC_WARN_UNUSED_VARIABLE = YES;
				IPHONEOS_DEPLOYMENT_TARGET = 15.4;
				MTL_ENABLE_DEBUG_INFO = NO;
				MTL_FAST_MATH = YES;
				SDKROOT = iphoneos;
				SWIFT_COMPILATION_MODE = wholemodule;
				SWIFT_OPTIMIZATION_LEVEL = "-O";
				VALIDATE_PRODUCT = YES;
			};
			name = Release;
		};
		8E37314F27FED35000942C46 /* Debug */ = {
			isa = XCBuildConfiguration;
			buildSettings = {
				ASSETCATALOG_COMPILER_APPICON_NAME = AppIcon;
				ASSETCATALOG_COMPILER_GLOBAL_ACCENT_COLOR_NAME = AccentColor;
				CODE_SIGN_STYLE = Automatic;
				CURRENT_PROJECT_VERSION = 1;
				DEVELOPMENT_TEAM = R6RDNJW78B;
				GENERATE_INFOPLIST_FILE = YES;
				INFOPLIST_FILE = "Instagram-Clone/Info.plist";
				INFOPLIST_KEY_UIApplicationSupportsIndirectInputEvents = YES;
				INFOPLIST_KEY_UILaunchStoryboardName = LaunchScreen;
				INFOPLIST_KEY_UIMainStoryboardFile = Main;
				INFOPLIST_KEY_UISupportedInterfaceOrientations_iPad = "UIInterfaceOrientationPortrait UIInterfaceOrientationPortraitUpsideDown UIInterfaceOrientationLandscapeLeft UIInterfaceOrientationLandscapeRight";
				INFOPLIST_KEY_UISupportedInterfaceOrientations_iPhone = "UIInterfaceOrientationPortrait UIInterfaceOrientationLandscapeLeft UIInterfaceOrientationLandscapeRight";
				LD_RUNPATH_SEARCH_PATHS = (
					"$(inherited)",
					"@executable_path/Frameworks",
				);
				MARKETING_VERSION = 1.0;
				PRODUCT_BUNDLE_IDENTIFIER = "org.sopt.subinyoon.Instagram-Clone";
				PRODUCT_NAME = "$(TARGET_NAME)";
				SWIFT_EMIT_LOC_STRINGS = YES;
				SWIFT_VERSION = 5.0;
				TARGETED_DEVICE_FAMILY = "1,2";
			};
			name = Debug;
		};
		8E37315027FED35000942C46 /* Release */ = {
			isa = XCBuildConfiguration;
			buildSettings = {
				ASSETCATALOG_COMPILER_APPICON_NAME = AppIcon;
				ASSETCATALOG_COMPILER_GLOBAL_ACCENT_COLOR_NAME = AccentColor;
				CODE_SIGN_STYLE = Automatic;
				CURRENT_PROJECT_VERSION = 1;
				DEVELOPMENT_TEAM = R6RDNJW78B;
				GENERATE_INFOPLIST_FILE = YES;
				INFOPLIST_FILE = "Instagram-Clone/Info.plist";
				INFOPLIST_KEY_UIApplicationSupportsIndirectInputEvents = YES;
				INFOPLIST_KEY_UILaunchStoryboardName = LaunchScreen;
				INFOPLIST_KEY_UIMainStoryboardFile = Main;
				INFOPLIST_KEY_UISupportedInterfaceOrientations_iPad = "UIInterfaceOrientationPortrait UIInterfaceOrientationPortraitUpsideDown UIInterfaceOrientationLandscapeLeft UIInterfaceOrientationLandscapeRight";
				INFOPLIST_KEY_UISupportedInterfaceOrientations_iPhone = "UIInterfaceOrientationPortrait UIInterfaceOrientationLandscapeLeft UIInterfaceOrientationLandscapeRight";
				LD_RUNPATH_SEARCH_PATHS = (
					"$(inherited)",
					"@executable_path/Frameworks",
				);
				MARKETING_VERSION = 1.0;
				PRODUCT_BUNDLE_IDENTIFIER = "org.sopt.subinyoon.Instagram-Clone";
				PRODUCT_NAME = "$(TARGET_NAME)";
				SWIFT_EMIT_LOC_STRINGS = YES;
				SWIFT_VERSION = 5.0;
				TARGETED_DEVICE_FAMILY = "1,2";
			};
			name = Release;
		};
/* End XCBuildConfiguration section */

/* Begin XCConfigurationList section */
		8E37313527FED34F00942C46 /* Build configuration list for PBXProject "Instagram-Clone" */ = {
			isa = XCConfigurationList;
			buildConfigurations = (
				8E37314C27FED35000942C46 /* Debug */,
				8E37314D27FED35000942C46 /* Release */,
			);
			defaultConfigurationIsVisible = 0;
			defaultConfigurationName = Release;
		};
		8E37314E27FED35000942C46 /* Build configuration list for PBXNativeTarget "Instagram-Clone" */ = {
			isa = XCConfigurationList;
			buildConfigurations = (
				8E37314F27FED35000942C46 /* Debug */,
				8E37315027FED35000942C46 /* Release */,
			);
			defaultConfigurationIsVisible = 0;
			defaultConfigurationName = Release;
		};
/* End XCConfigurationList section */
	};
	rootObject = 8E37313227FED34F00942C46 /* Project object */;
}
