// !$*UTF8*$!
{
	archiveVersion = 1;
	classes = {
	};
	objectVersion = 55;
	objects = {

/* Begin PBXBuildFile section */
		8E1C1CD82841F16C004047EC /* AppDelegate.swift in Sources */ = {isa = PBXBuildFile; fileRef = 8E1C1CD72841F16C004047EC /* AppDelegate.swift */; };
		8E1C1CDA2841F16C004047EC /* SceneDelegate.swift in Sources */ = {isa = PBXBuildFile; fileRef = 8E1C1CD92841F16C004047EC /* SceneDelegate.swift */; };
		8E1C1CDC2841F16C004047EC /* ViewController.swift in Sources */ = {isa = PBXBuildFile; fileRef = 8E1C1CDB2841F16C004047EC /* ViewController.swift */; };
		8E1C1CDF2841F16C004047EC /* Main.storyboard in Resources */ = {isa = PBXBuildFile; fileRef = 8E1C1CDD2841F16C004047EC /* Main.storyboard */; };
		8E1C1CE12841F16D004047EC /* Assets.xcassets in Resources */ = {isa = PBXBuildFile; fileRef = 8E1C1CE02841F16D004047EC /* Assets.xcassets */; };
		8E1C1CE42841F16D004047EC /* LaunchScreen.storyboard in Resources */ = {isa = PBXBuildFile; fileRef = 8E1C1CE22841F16D004047EC /* LaunchScreen.storyboard */; };
		8E1C1CEF2841F1BB004047EC /* Todo.json in Resources */ = {isa = PBXBuildFile; fileRef = 8E1C1CEE2841F1BB004047EC /* Todo.json */; };
		8E1C1CF12841F1D3004047EC /* MockParser.swift in Sources */ = {isa = PBXBuildFile; fileRef = 8E1C1CF02841F1D3004047EC /* MockParser.swift */; };
		8E1C1CF42841F1FC004047EC /* Todo.swift in Sources */ = {isa = PBXBuildFile; fileRef = 8E1C1CF32841F1FC004047EC /* Todo.swift */; };
		8E1C1CF62841F226004047EC /* TodoManager.swift in Sources */ = {isa = PBXBuildFile; fileRef = 8E1C1CF52841F226004047EC /* TodoManager.swift */; };
/* End PBXBuildFile section */

/* Begin PBXFileReference section */
		8E1C1CD42841F16C004047EC /* Seminar-JSONMock.app */ = {isa = PBXFileReference; explicitFileType = wrapper.application; includeInIndex = 0; path = "Seminar-JSONMock.app"; sourceTree = BUILT_PRODUCTS_DIR; };
		8E1C1CD72841F16C004047EC /* AppDelegate.swift */ = {isa = PBXFileReference; lastKnownFileType = sourcecode.swift; path = AppDelegate.swift; sourceTree = "<group>"; };
		8E1C1CD92841F16C004047EC /* SceneDelegate.swift */ = {isa = PBXFileReference; lastKnownFileType = sourcecode.swift; path = SceneDelegate.swift; sourceTree = "<group>"; };
		8E1C1CDB2841F16C004047EC /* ViewController.swift */ = {isa = PBXFileReference; lastKnownFileType = sourcecode.swift; path = ViewController.swift; sourceTree = "<group>"; };
		8E1C1CDE2841F16C004047EC /* Base */ = {isa = PBXFileReference; lastKnownFileType = file.storyboard; name = Base; path = Base.lproj/Main.storyboard; sourceTree = "<group>"; };
		8E1C1CE02841F16D004047EC /* Assets.xcassets */ = {isa = PBXFileReference; lastKnownFileType = folder.assetcatalog; path = Assets.xcassets; sourceTree = "<group>"; };
		8E1C1CE32841F16D004047EC /* Base */ = {isa = PBXFileReference; lastKnownFileType = file.storyboard; name = Base; path = Base.lproj/LaunchScreen.storyboard; sourceTree = "<group>"; };
		8E1C1CE52841F16D004047EC /* Info.plist */ = {isa = PBXFileReference; lastKnownFileType = text.plist.xml; path = Info.plist; sourceTree = "<group>"; };
		8E1C1CEE2841F1BB004047EC /* Todo.json */ = {isa = PBXFileReference; lastKnownFileType = text.json; path = Todo.json; sourceTree = "<group>"; };
		8E1C1CF02841F1D3004047EC /* MockParser.swift */ = {isa = PBXFileReference; lastKnownFileType = sourcecode.swift; path = MockParser.swift; sourceTree = "<group>"; };
		8E1C1CF32841F1FC004047EC /* Todo.swift */ = {isa = PBXFileReference; lastKnownFileType = sourcecode.swift; path = Todo.swift; sourceTree = "<group>"; };
		8E1C1CF52841F226004047EC /* TodoManager.swift */ = {isa = PBXFileReference; lastKnownFileType = sourcecode.swift; path = TodoManager.swift; sourceTree = "<group>"; };
/* End PBXFileReference section */

/* Begin PBXFrameworksBuildPhase section */
		8E1C1CD12841F16C004047EC /* Frameworks */ = {
			isa = PBXFrameworksBuildPhase;
			buildActionMask = 2147483647;
			files = (
			);
			runOnlyForDeploymentPostprocessing = 0;
		};
/* End PBXFrameworksBuildPhase section */

/* Begin PBXGroup section */
		8E1C1CCB2841F16C004047EC = {
			isa = PBXGroup;
			children = (
				8E1C1CD62841F16C004047EC /* Seminar-JSONMock */,
				8E1C1CD52841F16C004047EC /* Products */,
			);
			sourceTree = "<group>";
		};
		8E1C1CD52841F16C004047EC /* Products */ = {
			isa = PBXGroup;
			children = (
				8E1C1CD42841F16C004047EC /* Seminar-JSONMock.app */,
			);
			name = Products;
			sourceTree = "<group>";
		};
		8E1C1CD62841F16C004047EC /* Seminar-JSONMock */ = {
			isa = PBXGroup;
			children = (
				8E1C1CEB2841F198004047EC /* Service */,
				8E1C1CEC2841F19D004047EC /* Network */,
				8E1C1CF22841F1E5004047EC /* Model */,
				8E1C1CED2841F1A1004047EC /* Mock */,
				8E1C1CD72841F16C004047EC /* AppDelegate.swift */,
				8E1C1CD92841F16C004047EC /* SceneDelegate.swift */,
				8E1C1CDB2841F16C004047EC /* ViewController.swift */,
				8E1C1CDD2841F16C004047EC /* Main.storyboard */,
				8E1C1CE02841F16D004047EC /* Assets.xcassets */,
				8E1C1CE22841F16D004047EC /* LaunchScreen.storyboard */,
				8E1C1CE52841F16D004047EC /* Info.plist */,
			);
			path = "Seminar-JSONMock";
			sourceTree = "<group>";
		};
		8E1C1CEB2841F198004047EC /* Service */ = {
			isa = PBXGroup;
			children = (
				8E1C1CF52841F226004047EC /* TodoManager.swift */,
			);
			path = Service;
			sourceTree = "<group>";
		};
		8E1C1CEC2841F19D004047EC /* Network */ = {
			isa = PBXGroup;
			children = (
				8E1C1CF02841F1D3004047EC /* MockParser.swift */,
			);
			path = Network;
			sourceTree = "<group>";
		};
		8E1C1CED2841F1A1004047EC /* Mock */ = {
			isa = PBXGroup;
			children = (
				8E1C1CEE2841F1BB004047EC /* Todo.json */,
			);
			path = Mock;
			sourceTree = "<group>";
		};
		8E1C1CF22841F1E5004047EC /* Model */ = {
			isa = PBXGroup;
			children = (
				8E1C1CF32841F1FC004047EC /* Todo.swift */,
			);
			path = Model;
			sourceTree = "<group>";
		};
/* End PBXGroup section */

/* Begin PBXNativeTarget section */
		8E1C1CD32841F16C004047EC /* Seminar-JSONMock */ = {
			isa = PBXNativeTarget;
			buildConfigurationList = 8E1C1CE82841F16D004047EC /* Build configuration list for PBXNativeTarget "Seminar-JSONMock" */;
			buildPhases = (
				8E1C1CD02841F16C004047EC /* Sources */,
				8E1C1CD12841F16C004047EC /* Frameworks */,
				8E1C1CD22841F16C004047EC /* Resources */,
			);
			buildRules = (
			);
			dependencies = (
			);
			name = "Seminar-JSONMock";
			productName = "Seminar-JSONMock";
			productReference = 8E1C1CD42841F16C004047EC /* Seminar-JSONMock.app */;
			productType = "com.apple.product-type.application";
		};
/* End PBXNativeTarget section */

/* Begin PBXProject section */
		8E1C1CCC2841F16C004047EC /* Project object */ = {
			isa = PBXProject;
			attributes = {
				BuildIndependentTargetsInParallel = 1;
				LastSwiftUpdateCheck = 1340;
				LastUpgradeCheck = 1340;
				TargetAttributes = {
					8E1C1CD32841F16C004047EC = {
						CreatedOnToolsVersion = 13.4;
					};
				};
			};
			buildConfigurationList = 8E1C1CCF2841F16C004047EC /* Build configuration list for PBXProject "Seminar-JSONMock" */;
			compatibilityVersion = "Xcode 13.0";
			developmentRegion = en;
			hasScannedForEncodings = 0;
			knownRegions = (
				en,
				Base,
			);
			mainGroup = 8E1C1CCB2841F16C004047EC;
			productRefGroup = 8E1C1CD52841F16C004047EC /* Products */;
			projectDirPath = "";
			projectRoot = "";
			targets = (
				8E1C1CD32841F16C004047EC /* Seminar-JSONMock */,
			);
		};
/* End PBXProject section */

/* Begin PBXResourcesBuildPhase section */
		8E1C1CD22841F16C004047EC /* Resources */ = {
			isa = PBXResourcesBuildPhase;
			buildActionMask = 2147483647;
			files = (
				8E1C1CE42841F16D004047EC /* LaunchScreen.storyboard in Resources */,
				8E1C1CE12841F16D004047EC /* Assets.xcassets in Resources */,
				8E1C1CDF2841F16C004047EC /* Main.storyboard in Resources */,
				8E1C1CEF2841F1BB004047EC /* Todo.json in Resources */,
			);
			runOnlyForDeploymentPostprocessing = 0;
		};
/* End PBXResourcesBuildPhase section */

/* Begin PBXSourcesBuildPhase section */
		8E1C1CD02841F16C004047EC /* Sources */ = {
			isa = PBXSourcesBuildPhase;
			buildActionMask = 2147483647;
			files = (
				8E1C1CDC2841F16C004047EC /* ViewController.swift in Sources */,
				8E1C1CF62841F226004047EC /* TodoManager.swift in Sources */,
				8E1C1CD82841F16C004047EC /* AppDelegate.swift in Sources */,
				8E1C1CF12841F1D3004047EC /* MockParser.swift in Sources */,
				8E1C1CDA2841F16C004047EC /* SceneDelegate.swift in Sources */,
				8E1C1CF42841F1FC004047EC /* Todo.swift in Sources */,
			);
			runOnlyForDeploymentPostprocessing = 0;
		};
/* End PBXSourcesBuildPhase section */

/* Begin PBXVariantGroup section */
		8E1C1CDD2841F16C004047EC /* Main.storyboard */ = {
			isa = PBXVariantGroup;
			children = (
				8E1C1CDE2841F16C004047EC /* Base */,
			);
			name = Main.storyboard;
			sourceTree = "<group>";
		};
		8E1C1CE22841F16D004047EC /* LaunchScreen.storyboard */ = {
			isa = PBXVariantGroup;
			children = (
				8E1C1CE32841F16D004047EC /* Base */,
			);
			name = LaunchScreen.storyboard;
			sourceTree = "<group>";
		};
/* End PBXVariantGroup section */

/* Begin XCBuildConfiguration section */
		8E1C1CE62841F16D004047EC /* Debug */ = {
			isa = XCBuildConfiguration;
			buildSettings = {
				ALWAYS_SEARCH_USER_PATHS = NO;
				CLANG_ANALYZER_NONNULL = YES;
				CLANG_ANALYZER_NUMBER_OBJECT_CONVERSION = YES_AGGRESSIVE;
				CLANG_CXX_LANGUAGE_STANDARD = "gnu++17";
				CLANG_ENABLE_MODULES = YES;
				CLANG_ENABLE_OBJC_ARC = YES;
				CLANG_ENABLE_OBJC_WEAK = YES;
				CLANG_WARN_BLOCK_CAPTURE_AUTORELEASING = YES;
				CLANG_WARN_BOOL_CONVERSION = YES;
				CLANG_WARN_COMMA = YES;
				CLANG_WARN_CONSTANT_CONVERSION = YES;
				CLANG_WARN_DEPRECATED_OBJC_IMPLEMENTATIONS = YES;
				CLANG_WARN_DIRECT_OBJC_ISA_USAGE = YES_ERROR;
				CLANG_WARN_DOCUMENTATION_COMMENTS = YES;
				CLANG_WARN_EMPTY_BODY = YES;
				CLANG_WARN_ENUM_CONVERSION = YES;
				CLANG_WARN_INFINITE_RECURSION = YES;
				CLANG_WARN_INT_CONVERSION = YES;
				CLANG_WARN_NON_LITERAL_NULL_CONVERSION = YES;
				CLANG_WARN_OBJC_IMPLICIT_RETAIN_SELF = YES;
				CLANG_WARN_OBJC_LITERAL_CONVERSION = YES;
				CLANG_WARN_OBJC_ROOT_CLASS = YES_ERROR;
				CLANG_WARN_QUOTED_INCLUDE_IN_FRAMEWORK_HEADER = YES;
				CLANG_WARN_RANGE_LOOP_ANALYSIS = YES;
				CLANG_WARN_STRICT_PROTOTYPES = YES;
				CLANG_WARN_SUSPICIOUS_MOVE = YES;
				CLANG_WARN_UNGUARDED_AVAILABILITY = YES_AGGRESSIVE;
				CLANG_WARN_UNREACHABLE_CODE = YES;
				CLANG_WARN__DUPLICATE_METHOD_MATCH = YES;
				COPY_PHASE_STRIP = NO;
				DEBUG_INFORMATION_FORMAT = dwarf;
				ENABLE_STRICT_OBJC_MSGSEND = YES;
				ENABLE_TESTABILITY = YES;
				GCC_C_LANGUAGE_STANDARD = gnu11;
				GCC_DYNAMIC_NO_PIC = NO;
				GCC_NO_COMMON_BLOCKS = YES;
				GCC_OPTIMIZATION_LEVEL = 0;
				GCC_PREPROCESSOR_DEFINITIONS = (
					"DEBUG=1",
					"$(inherited)",
				);
				GCC_WARN_64_TO_32_BIT_CONVERSION = YES;
				GCC_WARN_ABOUT_RETURN_TYPE = YES_ERROR;
				GCC_WARN_UNDECLARED_SELECTOR = YES;
				GCC_WARN_UNINITIALIZED_AUTOS = YES_AGGRESSIVE;
				GCC_WARN_UNUSED_FUNCTION = YES;
				GCC_WARN_UNUSED_VARIABLE = YES;
				IPHONEOS_DEPLOYMENT_TARGET = 15.5;
				MTL_ENABLE_DEBUG_INFO = INCLUDE_SOURCE;
				MTL_FAST_MATH = YES;
				ONLY_ACTIVE_ARCH = YES;
				SDKROOT = iphoneos;
				SWIFT_ACTIVE_COMPILATION_CONDITIONS = DEBUG;
				SWIFT_OPTIMIZATION_LEVEL = "-Onone";
			};
			name = Debug;
		};
		8E1C1CE72841F16D004047EC /* Release */ = {
			isa = XCBuildConfiguration;
			buildSettings = {
				ALWAYS_SEARCH_USER_PATHS = NO;
				CLANG_ANALYZER_NONNULL = YES;
				CLANG_ANALYZER_NUMBER_OBJECT_CONVERSION = YES_AGGRESSIVE;
				CLANG_CXX_LANGUAGE_STANDARD = "gnu++17";
				CLANG_ENABLE_MODULES = YES;
				CLANG_ENABLE_OBJC_ARC = YES;
				CLANG_ENABLE_OBJC_WEAK = YES;
				CLANG_WARN_BLOCK_CAPTURE_AUTORELEASING = YES;
				CLANG_WARN_BOOL_CONVERSION = YES;
				CLANG_WARN_COMMA = YES;
				CLANG_WARN_CONSTANT_CONVERSION = YES;
				CLANG_WARN_DEPRECATED_OBJC_IMPLEMENTATIONS = YES;
				CLANG_WARN_DIRECT_OBJC_ISA_USAGE = YES_ERROR;
				CLANG_WARN_DOCUMENTATION_COMMENTS = YES;
				CLANG_WARN_EMPTY_BODY = YES;
				CLANG_WARN_ENUM_CONVERSION = YES;
				CLANG_WARN_INFINITE_RECURSION = YES;
				CLANG_WARN_INT_CONVERSION = YES;
				CLANG_WARN_NON_LITERAL_NULL_CONVERSION = YES;
				CLANG_WARN_OBJC_IMPLICIT_RETAIN_SELF = YES;
				CLANG_WARN_OBJC_LITERAL_CONVERSION = YES;
				CLANG_WARN_OBJC_ROOT_CLASS = YES_ERROR;
				CLANG_WARN_QUOTED_INCLUDE_IN_FRAMEWORK_HEADER = YES;
				CLANG_WARN_RANGE_LOOP_ANALYSIS = YES;
				CLANG_WARN_STRICT_PROTOTYPES = YES;
				CLANG_WARN_SUSPICIOUS_MOVE = YES;
				CLANG_WARN_UNGUARDED_AVAILABILITY = YES_AGGRESSIVE;
				CLANG_WARN_UNREACHABLE_CODE = YES;
				CLANG_WARN__DUPLICATE_METHOD_MATCH = YES;
				COPY_PHASE_STRIP = NO;
				DEBUG_INFORMATION_FORMAT = "dwarf-with-dsym";
				ENABLE_NS_ASSERTIONS = NO;
				ENABLE_STRICT_OBJC_MSGSEND = YES;
				GCC_C_LANGUAGE_STANDARD = gnu11;
				GCC_NO_COMMON_BLOCKS = YES;
				GCC_WARN_64_TO_32_BIT_CONVERSION = YES;
				GCC_WARN_ABOUT_RETURN_TYPE = YES_ERROR;
				GCC_WARN_UNDECLARED_SELECTOR = YES;
				GCC_WARN_UNINITIALIZED_AUTOS = YES_AGGRESSIVE;
				GCC_WARN_UNUSED_FUNCTION = YES;
				GCC_WARN_UNUSED_VARIABLE = YES;
				IPHONEOS_DEPLOYMENT_TARGET = 15.5;
				MTL_ENABLE_DEBUG_INFO = NO;
				MTL_FAST_MATH = YES;
				SDKROOT = iphoneos;
				SWIFT_COMPILATION_MODE = wholemodule;
				SWIFT_OPTIMIZATION_LEVEL = "-O";
				VALIDATE_PRODUCT = YES;
			};
			name = Release;
		};
		8E1C1CE92841F16D004047EC /* Debug */ = {
			isa = XCBuildConfiguration;
			buildSettings = {
				ASSETCATALOG_COMPILER_APPICON_NAME = AppIcon;
				ASSETCATALOG_COMPILER_GLOBAL_ACCENT_COLOR_NAME = AccentColor;
				CODE_SIGN_STYLE = Automatic;
				CURRENT_PROJECT_VERSION = 1;
				DEVELOPMENT_TEAM = R6RDNJW78B;
				GENERATE_INFOPLIST_FILE = YES;
				INFOPLIST_FILE = "Seminar-JSONMock/Info.plist";
				INFOPLIST_KEY_UIApplicationSupportsIndirectInputEvents = YES;
				INFOPLIST_KEY_UILaunchStoryboardName = LaunchScreen;
				INFOPLIST_KEY_UIMainStoryboardFile = Main;
				INFOPLIST_KEY_UISupportedInterfaceOrientations_iPad = "UIInterfaceOrientationPortrait UIInterfaceOrientationPortraitUpsideDown UIInterfaceOrientationLandscapeLeft UIInterfaceOrientationLandscapeRight";
				INFOPLIST_KEY_UISupportedInterfaceOrientations_iPhone = "UIInterfaceOrientationPortrait UIInterfaceOrientationLandscapeLeft UIInterfaceOrientationLandscapeRight";
				LD_RUNPATH_SEARCH_PATHS = (
					"$(inherited)",
					"@executable_path/Frameworks",
				);
				MARKETING_VERSION = 1.0;
				PRODUCT_BUNDLE_IDENTIFIER = "org.sopt.subinyoon.Seminar-JSONMock";
				PRODUCT_NAME = "$(TARGET_NAME)";
				SWIFT_EMIT_LOC_STRINGS = YES;
				SWIFT_VERSION = 5.0;
				TARGETED_DEVICE_FAMILY = "1,2";
			};
			name = Debug;
		};
		8E1C1CEA2841F16D004047EC /* Release */ = {
			isa = XCBuildConfiguration;
			buildSettings = {
				ASSETCATALOG_COMPILER_APPICON_NAME = AppIcon;
				ASSETCATALOG_COMPILER_GLOBAL_ACCENT_COLOR_NAME = AccentColor;
				CODE_SIGN_STYLE = Automatic;
				CURRENT_PROJECT_VERSION = 1;
				DEVELOPMENT_TEAM = R6RDNJW78B;
				GENERATE_INFOPLIST_FILE = YES;
				INFOPLIST_FILE = "Seminar-JSONMock/Info.plist";
				INFOPLIST_KEY_UIApplicationSupportsIndirectInputEvents = YES;
				INFOPLIST_KEY_UILaunchStoryboardName = LaunchScreen;
				INFOPLIST_KEY_UIMainStoryboardFile = Main;
				INFOPLIST_KEY_UISupportedInterfaceOrientations_iPad = "UIInterfaceOrientationPortrait UIInterfaceOrientationPortraitUpsideDown UIInterfaceOrientationLandscapeLeft UIInterfaceOrientationLandscapeRight";
				INFOPLIST_KEY_UISupportedInterfaceOrientations_iPhone = "UIInterfaceOrientationPortrait UIInterfaceOrientationLandscapeLeft UIInterfaceOrientationLandscapeRight";
				LD_RUNPATH_SEARCH_PATHS = (
					"$(inherited)",
					"@executable_path/Frameworks",
				);
				MARKETING_VERSION = 1.0;
				PRODUCT_BUNDLE_IDENTIFIER = "org.sopt.subinyoon.Seminar-JSONMock";
				PRODUCT_NAME = "$(TARGET_NAME)";
				SWIFT_EMIT_LOC_STRINGS = YES;
				SWIFT_VERSION = 5.0;
				TARGETED_DEVICE_FAMILY = "1,2";
			};
			name = Release;
		};
/* End XCBuildConfiguration section */

/* Begin XCConfigurationList section */
		8E1C1CCF2841F16C004047EC /* Build configuration list for PBXProject "Seminar-JSONMock" */ = {
			isa = XCConfigurationList;
			buildConfigurations = (
				8E1C1CE62841F16D004047EC /* Debug */,
				8E1C1CE72841F16D004047EC /* Release */,
			);
			defaultConfigurationIsVisible = 0;
			defaultConfigurationName = Release;
		};
		8E1C1CE82841F16D004047EC /* Build configuration list for PBXNativeTarget "Seminar-JSONMock" */ = {
			isa = XCConfigurationList;
			buildConfigurations = (
				8E1C1CE92841F16D004047EC /* Debug */,
				8E1C1CEA2841F16D004047EC /* Release */,
			);
			defaultConfigurationIsVisible = 0;
			defaultConfigurationName = Release;
		};
/* End XCConfigurationList section */
	};
	rootObject = 8E1C1CCC2841F16C004047EC /* Project object */;
}
