// !$*UTF8*$!
{
	archiveVersion = 1;
	classes = {
	};
	objectVersion = 55;
	objects = {

/* Begin PBXBuildFile section */
		53D513AB80D7329B6EE077FF /* Pods_SOPT30th_4th_Seminar.framework in Frameworks */ = {isa = PBXBuildFile; fileRef = 6BB802491450B5C9D4B3B7DD /* Pods_SOPT30th_4th_Seminar.framework */; };
		8EB6A1B328252D53005C5A12 /* AppDelegate.swift in Sources */ = {isa = PBXBuildFile; fileRef = 8EB6A1B228252D53005C5A12 /* AppDelegate.swift */; };
		8EB6A1B528252D53005C5A12 /* SceneDelegate.swift in Sources */ = {isa = PBXBuildFile; fileRef = 8EB6A1B428252D53005C5A12 /* SceneDelegate.swift */; };
		8EB6A1B728252D53005C5A12 /* ViewController.swift in Sources */ = {isa = PBXBuildFile; fileRef = 8EB6A1B628252D53005C5A12 /* ViewController.swift */; };
		8EB6A1BA28252D53005C5A12 /* Main.storyboard in Resources */ = {isa = PBXBuildFile; fileRef = 8EB6A1B828252D53005C5A12 /* Main.storyboard */; };
		8EB6A1BC28252D54005C5A12 /* Assets.xcassets in Resources */ = {isa = PBXBuildFile; fileRef = 8EB6A1BB28252D54005C5A12 /* Assets.xcassets */; };
		8EB6A1BF28252D54005C5A12 /* LaunchScreen.storyboard in Resources */ = {isa = PBXBuildFile; fileRef = 8EB6A1BD28252D54005C5A12 /* LaunchScreen.storyboard */; };
		8EB6A1CF282656AE005C5A12 /* APIConstants.swift in Sources */ = {isa = PBXBuildFile; fileRef = 8EB6A1CE282656AE005C5A12 /* APIConstants.swift */; };
		8EB6A1D1282657B3005C5A12 /* NetworkResult.swift in Sources */ = {isa = PBXBuildFile; fileRef = 8EB6A1D0282657B3005C5A12 /* NetworkResult.swift */; };
		8EB6A1D3282659BC005C5A12 /* LoginModel.swift in Sources */ = {isa = PBXBuildFile; fileRef = 8EB6A1D2282659BC005C5A12 /* LoginModel.swift */; };
		8EB6A1D528265C86005C5A12 /* UserService.swift in Sources */ = {isa = PBXBuildFile; fileRef = 8EB6A1D428265C86005C5A12 /* UserService.swift */; };
/* End PBXBuildFile section */

/* Begin PBXFileReference section */
		6BB802491450B5C9D4B3B7DD /* Pods_SOPT30th_4th_Seminar.framework */ = {isa = PBXFileReference; explicitFileType = wrapper.framework; includeInIndex = 0; path = Pods_SOPT30th_4th_Seminar.framework; sourceTree = BUILT_PRODUCTS_DIR; };
		6EF6F25C472F3DC22985F339 /* Pods-SOPT30th-4th-Seminar.debug.xcconfig */ = {isa = PBXFileReference; includeInIndex = 1; lastKnownFileType = text.xcconfig; name = "Pods-SOPT30th-4th-Seminar.debug.xcconfig"; path = "Target Support Files/Pods-SOPT30th-4th-Seminar/Pods-SOPT30th-4th-Seminar.debug.xcconfig"; sourceTree = "<group>"; };
		8EB6A1AF28252D53005C5A12 /* SOPT30th-4th-Seminar.app */ = {isa = PBXFileReference; explicitFileType = wrapper.application; includeInIndex = 0; path = "SOPT30th-4th-Seminar.app"; sourceTree = BUILT_PRODUCTS_DIR; };
		8EB6A1B228252D53005C5A12 /* AppDelegate.swift */ = {isa = PBXFileReference; lastKnownFileType = sourcecode.swift; path = AppDelegate.swift; sourceTree = "<group>"; };
		8EB6A1B428252D53005C5A12 /* SceneDelegate.swift */ = {isa = PBXFileReference; lastKnownFileType = sourcecode.swift; path = SceneDelegate.swift; sourceTree = "<group>"; };
		8EB6A1B628252D53005C5A12 /* ViewController.swift */ = {isa = PBXFileReference; lastKnownFileType = sourcecode.swift; path = ViewController.swift; sourceTree = "<group>"; };
		8EB6A1B928252D53005C5A12 /* Base */ = {isa = PBXFileReference; lastKnownFileType = file.storyboard; name = Base; path = Base.lproj/Main.storyboard; sourceTree = "<group>"; };
		8EB6A1BB28252D54005C5A12 /* Assets.xcassets */ = {isa = PBXFileReference; lastKnownFileType = folder.assetcatalog; path = Assets.xcassets; sourceTree = "<group>"; };
		8EB6A1BE28252D54005C5A12 /* Base */ = {isa = PBXFileReference; lastKnownFileType = file.storyboard; name = Base; path = Base.lproj/LaunchScreen.storyboard; sourceTree = "<group>"; };
		8EB6A1C028252D54005C5A12 /* Info.plist */ = {isa = PBXFileReference; lastKnownFileType = text.plist.xml; path = Info.plist; sourceTree = "<group>"; };
		8EB6A1CE282656AE005C5A12 /* APIConstants.swift */ = {isa = PBXFileReference; lastKnownFileType = sourcecode.swift; path = APIConstants.swift; sourceTree = "<group>"; };
		8EB6A1D0282657B3005C5A12 /* NetworkResult.swift */ = {isa = PBXFileReference; lastKnownFileType = sourcecode.swift; path = NetworkResult.swift; sourceTree = "<group>"; };
		8EB6A1D2282659BC005C5A12 /* LoginModel.swift */ = {isa = PBXFileReference; lastKnownFileType = sourcecode.swift; path = LoginModel.swift; sourceTree = "<group>"; };
		8EB6A1D428265C86005C5A12 /* UserService.swift */ = {isa = PBXFileReference; lastKnownFileType = sourcecode.swift; path = UserService.swift; sourceTree = "<group>"; };
		F05403A7AAB98C5C4B15CF53 /* Pods-SOPT30th-4th-Seminar.release.xcconfig */ = {isa = PBXFileReference; includeInIndex = 1; lastKnownFileType = text.xcconfig; name = "Pods-SOPT30th-4th-Seminar.release.xcconfig"; path = "Target Support Files/Pods-SOPT30th-4th-Seminar/Pods-SOPT30th-4th-Seminar.release.xcconfig"; sourceTree = "<group>"; };
/* End PBXFileReference section */

/* Begin PBXFrameworksBuildPhase section */
		8EB6A1AC28252D53005C5A12 /* Frameworks */ = {
			isa = PBXFrameworksBuildPhase;
			buildActionMask = 2147483647;
			files = (
				53D513AB80D7329B6EE077FF /* Pods_SOPT30th_4th_Seminar.framework in Frameworks */,
			);
			runOnlyForDeploymentPostprocessing = 0;
		};
/* End PBXFrameworksBuildPhase section */

/* Begin PBXGroup section */
		13C443EE3F93CD667462760B /* Frameworks */ = {
			isa = PBXGroup;
			children = (
				6BB802491450B5C9D4B3B7DD /* Pods_SOPT30th_4th_Seminar.framework */,
			);
			name = Frameworks;
			sourceTree = "<group>";
		};
		227A3D61E3E0696A93484B00 /* Pods */ = {
			isa = PBXGroup;
			children = (
				6EF6F25C472F3DC22985F339 /* Pods-SOPT30th-4th-Seminar.debug.xcconfig */,
				F05403A7AAB98C5C4B15CF53 /* Pods-SOPT30th-4th-Seminar.release.xcconfig */,
			);
			path = Pods;
			sourceTree = "<group>";
		};
		8EB6A1A628252D53005C5A12 = {
			isa = PBXGroup;
			children = (
				8EB6A1B128252D53005C5A12 /* SOPT30th-4th-Seminar */,
				8EB6A1B028252D53005C5A12 /* Products */,
				227A3D61E3E0696A93484B00 /* Pods */,
				13C443EE3F93CD667462760B /* Frameworks */,
			);
			sourceTree = "<group>";
		};
		8EB6A1B028252D53005C5A12 /* Products */ = {
			isa = PBXGroup;
			children = (
				8EB6A1AF28252D53005C5A12 /* SOPT30th-4th-Seminar.app */,
			);
			name = Products;
			sourceTree = "<group>";
		};
		8EB6A1B128252D53005C5A12 /* SOPT30th-4th-Seminar */ = {
			isa = PBXGroup;
			children = (
				8EB6A1CE282656AE005C5A12 /* APIConstants.swift */,
				8EB6A1D0282657B3005C5A12 /* NetworkResult.swift */,
				8EB6A1D2282659BC005C5A12 /* LoginModel.swift */,
				8EB6A1D428265C86005C5A12 /* UserService.swift */,
				8EB6A1B628252D53005C5A12 /* ViewController.swift */,
				8EB6A1B828252D53005C5A12 /* Main.storyboard */,
				8EB6A1B228252D53005C5A12 /* AppDelegate.swift */,
				8EB6A1B428252D53005C5A12 /* SceneDelegate.swift */,
				8EB6A1BB28252D54005C5A12 /* Assets.xcassets */,
				8EB6A1BD28252D54005C5A12 /* LaunchScreen.storyboard */,
				8EB6A1C028252D54005C5A12 /* Info.plist */,
			);
			path = "SOPT30th-4th-Seminar";
			sourceTree = "<group>";
		};
/* End PBXGroup section */

/* Begin PBXNativeTarget section */
		8EB6A1AE28252D53005C5A12 /* SOPT30th-4th-Seminar */ = {
			isa = PBXNativeTarget;
			buildConfigurationList = 8EB6A1C328252D54005C5A12 /* Build configuration list for PBXNativeTarget "SOPT30th-4th-Seminar" */;
			buildPhases = (
				CDB63646365B6AF1C2BD2F80 /* [CP] Check Pods Manifest.lock */,
				8EB6A1AB28252D53005C5A12 /* Sources */,
				8EB6A1AC28252D53005C5A12 /* Frameworks */,
				8EB6A1AD28252D53005C5A12 /* Resources */,
				505B3C76C6DEE807BD728441 /* [CP] Embed Pods Frameworks */,
			);
			buildRules = (
			);
			dependencies = (
			);
			name = "SOPT30th-4th-Seminar";
			productName = "SOPT30th-4th-Seminar";
			productReference = 8EB6A1AF28252D53005C5A12 /* SOPT30th-4th-Seminar.app */;
			productType = "com.apple.product-type.application";
		};
/* End PBXNativeTarget section */

/* Begin PBXProject section */
		8EB6A1A728252D53005C5A12 /* Project object */ = {
			isa = PBXProject;
			attributes = {
				BuildIndependentTargetsInParallel = 1;
				LastSwiftUpdateCheck = 1330;
				LastUpgradeCheck = 1330;
				TargetAttributes = {
					8EB6A1AE28252D53005C5A12 = {
						CreatedOnToolsVersion = 13.3.1;
					};
				};
			};
			buildConfigurationList = 8EB6A1AA28252D53005C5A12 /* Build configuration list for PBXProject "SOPT30th-4th-Seminar" */;
			compatibilityVersion = "Xcode 13.0";
			developmentRegion = en;
			hasScannedForEncodings = 0;
			knownRegions = (
				en,
				Base,
			);
			mainGroup = 8EB6A1A628252D53005C5A12;
			productRefGroup = 8EB6A1B028252D53005C5A12 /* Products */;
			projectDirPath = "";
			projectRoot = "";
			targets = (
				8EB6A1AE28252D53005C5A12 /* SOPT30th-4th-Seminar */,
			);
		};
/* End PBXProject section */

/* Begin PBXResourcesBuildPhase section */
		8EB6A1AD28252D53005C5A12 /* Resources */ = {
			isa = PBXResourcesBuildPhase;
			buildActionMask = 2147483647;
			files = (
				8EB6A1BF28252D54005C5A12 /* LaunchScreen.storyboard in Resources */,
				8EB6A1BC28252D54005C5A12 /* Assets.xcassets in Resources */,
				8EB6A1BA28252D53005C5A12 /* Main.storyboard in Resources */,
			);
			runOnlyForDeploymentPostprocessing = 0;
		};
/* End PBXResourcesBuildPhase section */

/* Begin PBXShellScriptBuildPhase section */
		505B3C76C6DEE807BD728441 /* [CP] Embed Pods Frameworks */ = {
			isa = PBXShellScriptBuildPhase;
			buildActionMask = 2147483647;
			files = (
			);
			inputFileListPaths = (
				"${PODS_ROOT}/Target Support Files/Pods-SOPT30th-4th-Seminar/Pods-SOPT30th-4th-Seminar-frameworks-${CONFIGURATION}-input-files.xcfilelist",
			);
			name = "[CP] Embed Pods Frameworks";
			outputFileListPaths = (
				"${PODS_ROOT}/Target Support Files/Pods-SOPT30th-4th-Seminar/Pods-SOPT30th-4th-Seminar-frameworks-${CONFIGURATION}-output-files.xcfilelist",
			);
			runOnlyForDeploymentPostprocessing = 0;
			shellPath = /bin/sh;
			shellScript = "\"${PODS_ROOT}/Target Support Files/Pods-SOPT30th-4th-Seminar/Pods-SOPT30th-4th-Seminar-frameworks.sh\"\n";
			showEnvVarsInLog = 0;
		};
		CDB63646365B6AF1C2BD2F80 /* [CP] Check Pods Manifest.lock */ = {
			isa = PBXShellScriptBuildPhase;
			buildActionMask = 2147483647;
			files = (
			);
			inputFileListPaths = (
			);
			inputPaths = (
				"${PODS_PODFILE_DIR_PATH}/Podfile.lock",
				"${PODS_ROOT}/Manifest.lock",
			);
			name = "[CP] Check Pods Manifest.lock";
			outputFileListPaths = (
			);
			outputPaths = (
				"$(DERIVED_FILE_DIR)/Pods-SOPT30th-4th-Seminar-checkManifestLockResult.txt",
			);
			runOnlyForDeploymentPostprocessing = 0;
			shellPath = /bin/sh;
			shellScript = "diff \"${PODS_PODFILE_DIR_PATH}/Podfile.lock\" \"${PODS_ROOT}/Manifest.lock\" > /dev/null\nif [ $? != 0 ] ; then\n    # print error to STDERR\n    echo \"error: The sandbox is not in sync with the Podfile.lock. Run 'pod install' or update your CocoaPods installation.\" >&2\n    exit 1\nfi\n# This output is used by Xcode 'outputs' to avoid re-running this script phase.\necho \"SUCCESS\" > \"${SCRIPT_OUTPUT_FILE_0}\"\n";
			showEnvVarsInLog = 0;
		};
/* End PBXShellScriptBuildPhase section */

/* Begin PBXSourcesBuildPhase section */
		8EB6A1AB28252D53005C5A12 /* Sources */ = {
			isa = PBXSourcesBuildPhase;
			buildActionMask = 2147483647;
			files = (
				8EB6A1D528265C86005C5A12 /* UserService.swift in Sources */,
				8EB6A1CF282656AE005C5A12 /* APIConstants.swift in Sources */,
				8EB6A1D1282657B3005C5A12 /* NetworkResult.swift in Sources */,
				8EB6A1D3282659BC005C5A12 /* LoginModel.swift in Sources */,
				8EB6A1B728252D53005C5A12 /* ViewController.swift in Sources */,
				8EB6A1B328252D53005C5A12 /* AppDelegate.swift in Sources */,
				8EB6A1B528252D53005C5A12 /* SceneDelegate.swift in Sources */,
			);
			runOnlyForDeploymentPostprocessing = 0;
		};
/* End PBXSourcesBuildPhase section */

/* Begin PBXVariantGroup section */
		8EB6A1B828252D53005C5A12 /* Main.storyboard */ = {
			isa = PBXVariantGroup;
			children = (
				8EB6A1B928252D53005C5A12 /* Base */,
			);
			name = Main.storyboard;
			sourceTree = "<group>";
		};
		8EB6A1BD28252D54005C5A12 /* LaunchScreen.storyboard */ = {
			isa = PBXVariantGroup;
			children = (
				8EB6A1BE28252D54005C5A12 /* Base */,
			);
			name = LaunchScreen.storyboard;
			sourceTree = "<group>";
		};
/* End PBXVariantGroup section */

/* Begin XCBuildConfiguration section */
		8EB6A1C128252D54005C5A12 /* Debug */ = {
			isa = XCBuildConfiguration;
			buildSettings = {
				ALWAYS_SEARCH_USER_PATHS = NO;
				CLANG_ANALYZER_NONNULL = YES;
				CLANG_ANALYZER_NUMBER_OBJECT_CONVERSION = YES_AGGRESSIVE;
				CLANG_CXX_LANGUAGE_STANDARD = "gnu++17";
				CLANG_ENABLE_MODULES = YES;
				CLANG_ENABLE_OBJC_ARC = YES;
				CLANG_ENABLE_OBJC_WEAK = YES;
				CLANG_WARN_BLOCK_CAPTURE_AUTORELEASING = YES;
				CLANG_WARN_BOOL_CONVERSION = YES;
				CLANG_WARN_COMMA = YES;
				CLANG_WARN_CONSTANT_CONVERSION = YES;
				CLANG_WARN_DEPRECATED_OBJC_IMPLEMENTATIONS = YES;
				CLANG_WARN_DIRECT_OBJC_ISA_USAGE = YES_ERROR;
				CLANG_WARN_DOCUMENTATION_COMMENTS = YES;
				CLANG_WARN_EMPTY_BODY = YES;
				CLANG_WARN_ENUM_CONVERSION = YES;
				CLANG_WARN_INFINITE_RECURSION = YES;
				CLANG_WARN_INT_CONVERSION = YES;
				CLANG_WARN_NON_LITERAL_NULL_CONVERSION = YES;
				CLANG_WARN_OBJC_IMPLICIT_RETAIN_SELF = YES;
				CLANG_WARN_OBJC_LITERAL_CONVERSION = YES;
				CLANG_WARN_OBJC_ROOT_CLASS = YES_ERROR;
				CLANG_WARN_QUOTED_INCLUDE_IN_FRAMEWORK_HEADER = YES;
				CLANG_WARN_RANGE_LOOP_ANALYSIS = YES;
				CLANG_WARN_STRICT_PROTOTYPES = YES;
				CLANG_WARN_SUSPICIOUS_MOVE = YES;
				CLANG_WARN_UNGUARDED_AVAILABILITY = YES_AGGRESSIVE;
				CLANG_WARN_UNREACHABLE_CODE = YES;
				CLANG_WARN__DUPLICATE_METHOD_MATCH = YES;
				COPY_PHASE_STRIP = NO;
				DEBUG_INFORMATION_FORMAT = dwarf;
				ENABLE_STRICT_OBJC_MSGSEND = YES;
				ENABLE_TESTABILITY = YES;
				GCC_C_LANGUAGE_STANDARD = gnu11;
				GCC_DYNAMIC_NO_PIC = NO;
				GCC_NO_COMMON_BLOCKS = YES;
				GCC_OPTIMIZATION_LEVEL = 0;
				GCC_PREPROCESSOR_DEFINITIONS = (
					"DEBUG=1",
					"$(inherited)",
				);
				GCC_WARN_64_TO_32_BIT_CONVERSION = YES;
				GCC_WARN_ABOUT_RETURN_TYPE = YES_ERROR;
				GCC_WARN_UNDECLARED_SELECTOR = YES;
				GCC_WARN_UNINITIALIZED_AUTOS = YES_AGGRESSIVE;
				GCC_WARN_UNUSED_FUNCTION = YES;
				GCC_WARN_UNUSED_VARIABLE = YES;
				IPHONEOS_DEPLOYMENT_TARGET = 15.4;
				MTL_ENABLE_DEBUG_INFO = INCLUDE_SOURCE;
				MTL_FAST_MATH = YES;
				ONLY_ACTIVE_ARCH = YES;
				SDKROOT = iphoneos;
				SWIFT_ACTIVE_COMPILATION_CONDITIONS = DEBUG;
				SWIFT_OPTIMIZATION_LEVEL = "-Onone";
			};
			name = Debug;
		};
		8EB6A1C228252D54005C5A12 /* Release */ = {
			isa = XCBuildConfiguration;
			buildSettings = {
				ALWAYS_SEARCH_USER_PATHS = NO;
				CLANG_ANALYZER_NONNULL = YES;
				CLANG_ANALYZER_NUMBER_OBJECT_CONVERSION = YES_AGGRESSIVE;
				CLANG_CXX_LANGUAGE_STANDARD = "gnu++17";
				CLANG_ENABLE_MODULES = YES;
				CLANG_ENABLE_OBJC_ARC = YES;
				CLANG_ENABLE_OBJC_WEAK = YES;
				CLANG_WARN_BLOCK_CAPTURE_AUTORELEASING = YES;
				CLANG_WARN_BOOL_CONVERSION = YES;
				CLANG_WARN_COMMA = YES;
				CLANG_WARN_CONSTANT_CONVERSION = YES;
				CLANG_WARN_DEPRECATED_OBJC_IMPLEMENTATIONS = YES;
				CLANG_WARN_DIRECT_OBJC_ISA_USAGE = YES_ERROR;
				CLANG_WARN_DOCUMENTATION_COMMENTS = YES;
				CLANG_WARN_EMPTY_BODY = YES;
				CLANG_WARN_ENUM_CONVERSION = YES;
				CLANG_WARN_INFINITE_RECURSION = YES;
				CLANG_WARN_INT_CONVERSION = YES;
				CLANG_WARN_NON_LITERAL_NULL_CONVERSION = YES;
				CLANG_WARN_OBJC_IMPLICIT_RETAIN_SELF = YES;
				CLANG_WARN_OBJC_LITERAL_CONVERSION = YES;
				CLANG_WARN_OBJC_ROOT_CLASS = YES_ERROR;
				CLANG_WARN_QUOTED_INCLUDE_IN_FRAMEWORK_HEADER = YES;
				CLANG_WARN_RANGE_LOOP_ANALYSIS = YES;
				CLANG_WARN_STRICT_PROTOTYPES = YES;
				CLANG_WARN_SUSPICIOUS_MOVE = YES;
				CLANG_WARN_UNGUARDED_AVAILABILITY = YES_AGGRESSIVE;
				CLANG_WARN_UNREACHABLE_CODE = YES;
				CLANG_WARN__DUPLICATE_METHOD_MATCH = YES;
				COPY_PHASE_STRIP = NO;
				DEBUG_INFORMATION_FORMAT = "dwarf-with-dsym";
				ENABLE_NS_ASSERTIONS = NO;
				ENABLE_STRICT_OBJC_MSGSEND = YES;
				GCC_C_LANGUAGE_STANDARD = gnu11;
				GCC_NO_COMMON_BLOCKS = YES;
				GCC_WARN_64_TO_32_BIT_CONVERSION = YES;
				GCC_WARN_ABOUT_RETURN_TYPE = YES_ERROR;
				GCC_WARN_UNDECLARED_SELECTOR = YES;
				GCC_WARN_UNINITIALIZED_AUTOS = YES_AGGRESSIVE;
				GCC_WARN_UNUSED_FUNCTION = YES;
				GCC_WARN_UNUSED_VARIABLE = YES;
				IPHONEOS_DEPLOYMENT_TARGET = 15.4;
				MTL_ENABLE_DEBUG_INFO = NO;
				MTL_FAST_MATH = YES;
				SDKROOT = iphoneos;
				SWIFT_COMPILATION_MODE = wholemodule;
				SWIFT_OPTIMIZATION_LEVEL = "-O";
				VALIDATE_PRODUCT = YES;
			};
			name = Release;
		};
		8EB6A1C428252D54005C5A12 /* Debug */ = {
			isa = XCBuildConfiguration;
			baseConfigurationReference = 6EF6F25C472F3DC22985F339 /* Pods-SOPT30th-4th-Seminar.debug.xcconfig */;
			buildSettings = {
				ASSETCATALOG_COMPILER_APPICON_NAME = AppIcon;
				ASSETCATALOG_COMPILER_GLOBAL_ACCENT_COLOR_NAME = AccentColor;
				CODE_SIGN_STYLE = Automatic;
				CURRENT_PROJECT_VERSION = 1;
				DEVELOPMENT_TEAM = R6RDNJW78B;
				GENERATE_INFOPLIST_FILE = YES;
				INFOPLIST_FILE = "SOPT30th-4th-Seminar/Info.plist";
				INFOPLIST_KEY_UIApplicationSupportsIndirectInputEvents = YES;
				INFOPLIST_KEY_UILaunchStoryboardName = LaunchScreen;
				INFOPLIST_KEY_UIMainStoryboardFile = Main;
				INFOPLIST_KEY_UISupportedInterfaceOrientations_iPad = "UIInterfaceOrientationPortrait UIInterfaceOrientationPortraitUpsideDown UIInterfaceOrientationLandscapeLeft UIInterfaceOrientationLandscapeRight";
				INFOPLIST_KEY_UISupportedInterfaceOrientations_iPhone = "UIInterfaceOrientationPortrait UIInterfaceOrientationLandscapeLeft UIInterfaceOrientationLandscapeRight";
				LD_RUNPATH_SEARCH_PATHS = (
					"$(inherited)",
					"@executable_path/Frameworks",
				);
				MARKETING_VERSION = 1.0;
				PRODUCT_BUNDLE_IDENTIFIER = "org.sopt.subinyoon.SOPT30th-4th-Seminar";
				PRODUCT_NAME = "$(TARGET_NAME)";
				SWIFT_EMIT_LOC_STRINGS = YES;
				SWIFT_VERSION = 5.0;
				TARGETED_DEVICE_FAMILY = "1,2";
			};
			name = Debug;
		};
		8EB6A1C528252D54005C5A12 /* Release */ = {
			isa = XCBuildConfiguration;
			baseConfigurationReference = F05403A7AAB98C5C4B15CF53 /* Pods-SOPT30th-4th-Seminar.release.xcconfig */;
			buildSettings = {
				ASSETCATALOG_COMPILER_APPICON_NAME = AppIcon;
				ASSETCATALOG_COMPILER_GLOBAL_ACCENT_COLOR_NAME = AccentColor;
				CODE_SIGN_STYLE = Automatic;
				CURRENT_PROJECT_VERSION = 1;
				DEVELOPMENT_TEAM = R6RDNJW78B;
				GENERATE_INFOPLIST_FILE = YES;
				INFOPLIST_FILE = "SOPT30th-4th-Seminar/Info.plist";
				INFOPLIST_KEY_UIApplicationSupportsIndirectInputEvents = YES;
				INFOPLIST_KEY_UILaunchStoryboardName = LaunchScreen;
				INFOPLIST_KEY_UIMainStoryboardFile = Main;
				INFOPLIST_KEY_UISupportedInterfaceOrientations_iPad = "UIInterfaceOrientationPortrait UIInterfaceOrientationPortraitUpsideDown UIInterfaceOrientationLandscapeLeft UIInterfaceOrientationLandscapeRight";
				INFOPLIST_KEY_UISupportedInterfaceOrientations_iPhone = "UIInterfaceOrientationPortrait UIInterfaceOrientationLandscapeLeft UIInterfaceOrientationLandscapeRight";
				LD_RUNPATH_SEARCH_PATHS = (
					"$(inherited)",
					"@executable_path/Frameworks",
				);
				MARKETING_VERSION = 1.0;
				PRODUCT_BUNDLE_IDENTIFIER = "org.sopt.subinyoon.SOPT30th-4th-Seminar";
				PRODUCT_NAME = "$(TARGET_NAME)";
				SWIFT_EMIT_LOC_STRINGS = YES;
				SWIFT_VERSION = 5.0;
				TARGETED_DEVICE_FAMILY = "1,2";
			};
			name = Release;
		};
/* End XCBuildConfiguration section */

/* Begin XCConfigurationList section */
		8EB6A1AA28252D53005C5A12 /* Build configuration list for PBXProject "SOPT30th-4th-Seminar" */ = {
			isa = XCConfigurationList;
			buildConfigurations = (
				8EB6A1C128252D54005C5A12 /* Debug */,
				8EB6A1C228252D54005C5A12 /* Release */,
			);
			defaultConfigurationIsVisible = 0;
			defaultConfigurationName = Release;
		};
		8EB6A1C328252D54005C5A12 /* Build configuration list for PBXNativeTarget "SOPT30th-4th-Seminar" */ = {
			isa = XCConfigurationList;
			buildConfigurations = (
				8EB6A1C428252D54005C5A12 /* Debug */,
				8EB6A1C528252D54005C5A12 /* Release */,
			);
			defaultConfigurationIsVisible = 0;
			defaultConfigurationName = Release;
		};
/* End XCConfigurationList section */
	};
	rootObject = 8EB6A1A728252D53005C5A12 /* Project object */;
}
